
Microsoft Visual Studio Solution File, Format Version 12.00
# Visual Studio Version 17
VisualStudioVersion = 17.7.34024.191
MinimumVisualStudioVersion = 10.0.40219.1
Project("{8BC9CEB8-8B4A-11D0-8D11-00A0C91BC942}") = "AdventOfCode2024", "__OLD__\AdventOfCode2024\AdventOfCode2024.vcxproj", "{1F99F6A7-C570-43FB-9A31-FC6E04267058}"
EndProject
Project("{9A19103F-16F7-4668-BE54-9A1E7A4F7556}") = "AoC_NET", "AoC_NET\AoC_NET.csproj", "{348F3047-51C9-4FD2-ABD5-C442AC096062}"
EndProject
Project("{FAE04EC0-301F-11D3-BF4B-00C04F79EFBC}") = "aocnetagent", "aocnetagent\aocnetagent.csproj", "{B33154CC-54D9-4334-9323-D407EFFEF64C}"
EndProject
Project("{8BC9CEB8-8B4A-11D0-8D11-00A0C91BC942}") = "AoC_Cpp", "AoC_Cpp\AoC_Cpp.vcxproj", "{0FD295B8-D2D9-473A-9303-F70FD3393D53}"
EndProject
Project("{2150E333-8FDC-42A3-9474-1A3956D46DE8}") = "Tools", "Tools", "{02EA681E-C7D8-13C7-8484-4AC65E1B71E8}"
EndProject
Global
	GlobalSection(SolutionConfigurationPlatforms) = preSolution
		Debug|Any CPU = Debug|Any CPU
		Debug|ARM = Debug|ARM
		Debug|ARM64 = Debug|ARM64
		Debug|x64 = Debug|x64
		Debug|x86 = Debug|x86
		Release with Tracy|Any CPU = Release with Tracy|Any CPU
		Release with Tracy|ARM = Release with Tracy|ARM
		Release with Tracy|ARM64 = Release with Tracy|ARM64
		Release with Tracy|x64 = Release with Tracy|x64
		Release with Tracy|x86 = Release with Tracy|x86
		Release|Any CPU = Release|Any CPU
		Release|ARM = Release|ARM
		Release|ARM64 = Release|ARM64
		Release|x64 = Release|x64
		Release|x86 = Release|x86
	EndGlobalSection
	GlobalSection(ProjectConfigurationPlatforms) = postSolution
		{1F99F6A7-C570-43FB-9A31-FC6E04267058}.Debug|Any CPU.ActiveCfg = Debug|x64
		{1F99F6A7-C570-43FB-9A31-FC6E04267058}.Debug|Any CPU.Build.0 = Debug|x64
		{1F99F6A7-C570-43FB-9A31-FC6E04267058}.Debug|ARM.ActiveCfg = Debug|x64
		{1F99F6A7-C570-43FB-9A31-FC6E04267058}.Debug|ARM.Build.0 = Debug|x64
		{1F99F6A7-C570-43FB-9A31-FC6E04267058}.Debug|ARM64.ActiveCfg = Debug|x64
		{1F99F6A7-C570-43FB-9A31-FC6E04267058}.Debug|ARM64.Build.0 = Debug|x64
		{1F99F6A7-C570-43FB-9A31-FC6E04267058}.Debug|x64.ActiveCfg = Debug|x64
		{1F99F6A7-C570-43FB-9A31-FC6E04267058}.Debug|x64.Build.0 = Debug|x64
		{1F99F6A7-C570-43FB-9A31-FC6E04267058}.Debug|x86.ActiveCfg = Debug|Win32
		{1F99F6A7-C570-43FB-9A31-FC6E04267058}.Debug|x86.Build.0 = Debug|Win32
		{1F99F6A7-C570-43FB-9A31-FC6E04267058}.Release with Tracy|Any CPU.ActiveCfg = Release|x64
		{1F99F6A7-C570-43FB-9A31-FC6E04267058}.Release with Tracy|Any CPU.Build.0 = Release|x64
		{1F99F6A7-C570-43FB-9A31-FC6E04267058}.Release with Tracy|ARM.ActiveCfg = Release|x64
		{1F99F6A7-C570-43FB-9A31-FC6E04267058}.Release with Tracy|ARM.Build.0 = Release|x64
		{1F99F6A7-C570-43FB-9A31-FC6E04267058}.Release with Tracy|ARM64.ActiveCfg = Release|x64
		{1F99F6A7-C570-43FB-9A31-FC6E04267058}.Release with Tracy|ARM64.Build.0 = Release|x64
		{1F99F6A7-C570-43FB-9A31-FC6E04267058}.Release with Tracy|x64.ActiveCfg = Release|x64
		{1F99F6A7-C570-43FB-9A31-FC6E04267058}.Release with Tracy|x86.ActiveCfg = Release|Win32
		{1F99F6A7-C570-43FB-9A31-FC6E04267058}.Release with Tracy|x86.Build.0 = Release|Win32
		{1F99F6A7-C570-43FB-9A31-FC6E04267058}.Release|Any CPU.ActiveCfg = Release|x64
		{1F99F6A7-C570-43FB-9A31-FC6E04267058}.Release|Any CPU.Build.0 = Release|x64
		{1F99F6A7-C570-43FB-9A31-FC6E04267058}.Release|ARM.ActiveCfg = Release|x64
		{1F99F6A7-C570-43FB-9A31-FC6E04267058}.Release|ARM.Build.0 = Release|x64
		{1F99F6A7-C570-43FB-9A31-FC6E04267058}.Release|ARM64.ActiveCfg = Release|x64
		{1F99F6A7-C570-43FB-9A31-FC6E04267058}.Release|ARM64.Build.0 = Release|x64
		{1F99F6A7-C570-43FB-9A31-FC6E04267058}.Release|x64.ActiveCfg = Release|x64
		{1F99F6A7-C570-43FB-9A31-FC6E04267058}.Release|x64.Build.0 = Release|x64
		{1F99F6A7-C570-43FB-9A31-FC6E04267058}.Release|x86.ActiveCfg = Release|Win32
		{1F99F6A7-C570-43FB-9A31-FC6E04267058}.Release|x86.Build.0 = Release|Win32
		{348F3047-51C9-4FD2-ABD5-C442AC096062}.Debug|Any CPU.ActiveCfg = Debug|Any CPU
		{348F3047-51C9-4FD2-ABD5-C442AC096062}.Debug|Any CPU.Build.0 = Debug|Any CPU
		{348F3047-51C9-4FD2-ABD5-C442AC096062}.Debug|ARM.ActiveCfg = Debug|Any CPU
		{348F3047-51C9-4FD2-ABD5-C442AC096062}.Debug|ARM.Build.0 = Debug|Any CPU
		{348F3047-51C9-4FD2-ABD5-C442AC096062}.Debug|ARM64.ActiveCfg = Debug|Any CPU
		{348F3047-51C9-4FD2-ABD5-C442AC096062}.Debug|ARM64.Build.0 = Debug|Any CPU
		{348F3047-51C9-4FD2-ABD5-C442AC096062}.Debug|x64.ActiveCfg = Debug|Any CPU
		{348F3047-51C9-4FD2-ABD5-C442AC096062}.Debug|x64.Build.0 = Debug|Any CPU
		{348F3047-51C9-4FD2-ABD5-C442AC096062}.Debug|x86.ActiveCfg = Debug|Any CPU
		{348F3047-51C9-4FD2-ABD5-C442AC096062}.Debug|x86.Build.0 = Debug|Any CPU
		{348F3047-51C9-4FD2-ABD5-C442AC096062}.Release with Tracy|Any CPU.ActiveCfg = Release with Tracy|Any CPU
		{348F3047-51C9-4FD2-ABD5-C442AC096062}.Release with Tracy|Any CPU.Build.0 = Release with Tracy|Any CPU
		{348F3047-51C9-4FD2-ABD5-C442AC096062}.Release with Tracy|ARM.ActiveCfg = Release with Tracy|Any CPU
		{348F3047-51C9-4FD2-ABD5-C442AC096062}.Release with Tracy|ARM.Build.0 = Release with Tracy|Any CPU
		{348F3047-51C9-4FD2-ABD5-C442AC096062}.Release with Tracy|ARM64.ActiveCfg = Release with Tracy|Any CPU
		{348F3047-51C9-4FD2-ABD5-C442AC096062}.Release with Tracy|ARM64.Build.0 = Release with Tracy|Any CPU
		{348F3047-51C9-4FD2-ABD5-C442AC096062}.Release with Tracy|x64.ActiveCfg = Release with Tracy|Any CPU
		{348F3047-51C9-4FD2-ABD5-C442AC096062}.Release with Tracy|x64.Build.0 = Release with Tracy|Any CPU
		{348F3047-51C9-4FD2-ABD5-C442AC096062}.Release with Tracy|x86.ActiveCfg = Release with Tracy|Any CPU
		{348F3047-51C9-4FD2-ABD5-C442AC096062}.Release with Tracy|x86.Build.0 = Release with Tracy|Any CPU
		{348F3047-51C9-4FD2-ABD5-C442AC096062}.Release|Any CPU.ActiveCfg = Release|Any CPU
		{348F3047-51C9-4FD2-ABD5-C442AC096062}.Release|Any CPU.Build.0 = Release|Any CPU
		{348F3047-51C9-4FD2-ABD5-C442AC096062}.Release|ARM.ActiveCfg = Release|Any CPU
		{348F3047-51C9-4FD2-ABD5-C442AC096062}.Release|ARM.Build.0 = Release|Any CPU
		{348F3047-51C9-4FD2-ABD5-C442AC096062}.Release|ARM64.ActiveCfg = Release|Any CPU
		{348F3047-51C9-4FD2-ABD5-C442AC096062}.Release|ARM64.Build.0 = Release|Any CPU
		{348F3047-51C9-4FD2-ABD5-C442AC096062}.Release|x64.ActiveCfg = Release|Any CPU
		{348F3047-51C9-4FD2-ABD5-C442AC096062}.Release|x64.Build.0 = Release|Any CPU
		{348F3047-51C9-4FD2-ABD5-C442AC096062}.Release|x86.ActiveCfg = Release|Any CPU
		{348F3047-51C9-4FD2-ABD5-C442AC096062}.Release|x86.Build.0 = Release|Any CPU
		{B33154CC-54D9-4334-9323-D407EFFEF64C}.Debug|Any CPU.ActiveCfg = Debug|Any CPU
		{B33154CC-54D9-4334-9323-D407EFFEF64C}.Debug|Any CPU.Build.0 = Debug|Any CPU
		{B33154CC-54D9-4334-9323-D407EFFEF64C}.Debug|ARM.ActiveCfg = Debug|Any CPU
		{B33154CC-54D9-4334-9323-D407EFFEF64C}.Debug|ARM.Build.0 = Debug|Any CPU
		{B33154CC-54D9-4334-9323-D407EFFEF64C}.Debug|ARM64.ActiveCfg = Debug|Any CPU
		{B33154CC-54D9-4334-9323-D407EFFEF64C}.Debug|ARM64.Build.0 = Debug|Any CPU
		{B33154CC-54D9-4334-9323-D407EFFEF64C}.Debug|x64.ActiveCfg = Debug|Any CPU
		{B33154CC-54D9-4334-9323-D407EFFEF64C}.Debug|x64.Build.0 = Debug|Any CPU
		{B33154CC-54D9-4334-9323-D407EFFEF64C}.Debug|x86.ActiveCfg = Debug|Any CPU
		{B33154CC-54D9-4334-9323-D407EFFEF64C}.Debug|x86.Build.0 = Debug|Any CPU
		{B33154CC-54D9-4334-9323-D407EFFEF64C}.Release with Tracy|Any CPU.ActiveCfg = Release with Tracy|Any CPU
		{B33154CC-54D9-4334-9323-D407EFFEF64C}.Release with Tracy|Any CPU.Build.0 = Release with Tracy|Any CPU
		{B33154CC-54D9-4334-9323-D407EFFEF64C}.Release with Tracy|ARM.ActiveCfg = Release with Tracy|Any CPU
		{B33154CC-54D9-4334-9323-D407EFFEF64C}.Release with Tracy|ARM.Build.0 = Release with Tracy|Any CPU
		{B33154CC-54D9-4334-9323-D407EFFEF64C}.Release with Tracy|ARM64.ActiveCfg = Release with Tracy|Any CPU
		{B33154CC-54D9-4334-9323-D407EFFEF64C}.Release with Tracy|ARM64.Build.0 = Release with Tracy|Any CPU
		{B33154CC-54D9-4334-9323-D407EFFEF64C}.Release with Tracy|x64.ActiveCfg = Release with Tracy|Any CPU
		{B33154CC-54D9-4334-9323-D407EFFEF64C}.Release with Tracy|x64.Build.0 = Release with Tracy|Any CPU
		{B33154CC-54D9-4334-9323-D407EFFEF64C}.Release with Tracy|x86.ActiveCfg = Release with Tracy|Any CPU
		{B33154CC-54D9-4334-9323-D407EFFEF64C}.Release with Tracy|x86.Build.0 = Release with Tracy|Any CPU
		{B33154CC-54D9-4334-9323-D407EFFEF64C}.Release|Any CPU.ActiveCfg = Release|Any CPU
		{B33154CC-54D9-4334-9323-D407EFFEF64C}.Release|Any CPU.Build.0 = Release|Any CPU
		{B33154CC-54D9-4334-9323-D407EFFEF64C}.Release|ARM.ActiveCfg = Release|Any CPU
		{B33154CC-54D9-4334-9323-D407EFFEF64C}.Release|ARM.Build.0 = Release|Any CPU
		{B33154CC-54D9-4334-9323-D407EFFEF64C}.Release|ARM64.ActiveCfg = Release|Any CPU
		{B33154CC-54D9-4334-9323-D407EFFEF64C}.Release|ARM64.Build.0 = Release|Any CPU
		{B33154CC-54D9-4334-9323-D407EFFEF64C}.Release|x64.ActiveCfg = Release|Any CPU
		{B33154CC-54D9-4334-9323-D407EFFEF64C}.Release|x64.Build.0 = Release|Any CPU
		{B33154CC-54D9-4334-9323-D407EFFEF64C}.Release|x86.ActiveCfg = Release|Any CPU
		{B33154CC-54D9-4334-9323-D407EFFEF64C}.Release|x86.Build.0 = Release|Any CPU
		{0FD295B8-D2D9-473A-9303-F70FD3393D53}.Debug|Any CPU.ActiveCfg = Debug|x64
		{0FD295B8-D2D9-473A-9303-F70FD3393D53}.Debug|Any CPU.Build.0 = Debug|x64
		{0FD295B8-D2D9-473A-9303-F70FD3393D53}.Debug|ARM.ActiveCfg = Debug|x64
		{0FD295B8-D2D9-473A-9303-F70FD3393D53}.Debug|ARM.Build.0 = Debug|x64
		{0FD295B8-D2D9-473A-9303-F70FD3393D53}.Debug|ARM64.ActiveCfg = Debug|x64
		{0FD295B8-D2D9-473A-9303-F70FD3393D53}.Debug|ARM64.Build.0 = Debug|x64
		{0FD295B8-D2D9-473A-9303-F70FD3393D53}.Debug|x64.ActiveCfg = Debug|x64
		{0FD295B8-D2D9-473A-9303-F70FD3393D53}.Debug|x64.Build.0 = Debug|x64
		{0FD295B8-D2D9-473A-9303-F70FD3393D53}.Debug|x86.ActiveCfg = Debug|Win32
		{0FD295B8-D2D9-473A-9303-F70FD3393D53}.Debug|x86.Build.0 = Debug|Win32
		{0FD295B8-D2D9-473A-9303-F70FD3393D53}.Release with Tracy|Any CPU.ActiveCfg = Release with Tracy|x64
		{0FD295B8-D2D9-473A-9303-F70FD3393D53}.Release with Tracy|Any CPU.Build.0 = Release with Tracy|x64
		{0FD295B8-D2D9-473A-9303-F70FD3393D53}.Release with Tracy|ARM.ActiveCfg = Release with Tracy|x64
		{0FD295B8-D2D9-473A-9303-F70FD3393D53}.Release with Tracy|ARM.Build.0 = Release with Tracy|x64
		{0FD295B8-D2D9-473A-9303-F70FD3393D53}.Release with Tracy|ARM64.ActiveCfg = Release with Tracy|x64
		{0FD295B8-D2D9-473A-9303-F70FD3393D53}.Release with Tracy|ARM64.Build.0 = Release with Tracy|x64
		{0FD295B8-D2D9-473A-9303-F70FD3393D53}.Release with Tracy|x64.ActiveCfg = Release with Tracy|x64
		{0FD295B8-D2D9-473A-9303-F70FD3393D53}.Release with Tracy|x64.Build.0 = Release with Tracy|x64
		{0FD295B8-D2D9-473A-9303-F70FD3393D53}.Release with Tracy|x86.ActiveCfg = Release with Tracy|Win32
		{0FD295B8-D2D9-473A-9303-F70FD3393D53}.Release with Tracy|x86.Build.0 = Release with Tracy|Win32
		{0FD295B8-D2D9-473A-9303-F70FD3393D53}.Release|Any CPU.ActiveCfg = Release|x64
		{0FD295B8-D2D9-473A-9303-F70FD3393D53}.Release|Any CPU.Build.0 = Release|x64
		{0FD295B8-D2D9-473A-9303-F70FD3393D53}.Release|ARM.ActiveCfg = Release|x64
		{0FD295B8-D2D9-473A-9303-F70FD3393D53}.Release|ARM.Build.0 = Release|x64
		{0FD295B8-D2D9-473A-9303-F70FD3393D53}.Release|ARM64.ActiveCfg = Release|x64
		{0FD295B8-D2D9-473A-9303-F70FD3393D53}.Release|ARM64.Build.0 = Release|x64
		{0FD295B8-D2D9-473A-9303-F70FD3393D53}.Release|x64.ActiveCfg = Release|x64
		{0FD295B8-D2D9-473A-9303-F70FD3393D53}.Release|x64.Build.0 = Release|x64
		{0FD295B8-D2D9-473A-9303-F70FD3393D53}.Release|x86.ActiveCfg = Release|Win32
		{0FD295B8-D2D9-473A-9303-F70FD3393D53}.Release|x86.Build.0 = Release|Win32
	EndGlobalSection
	GlobalSection(SolutionProperties) = preSolution
		HideSolutionNode = FALSE
	EndGlobalSection
	GlobalSection(ExtensibilityGlobals) = postSolution
		SolutionGuid = {1A106AF0-10D1-431F-998F-68AA60372582}
	EndGlobalSection
EndGlobal
