
Microsoft Visual Studio Solution File, Format Version 12.00
# Visual Studio Version 17
Project("{2150E333-8FDC-42A3-9474-1A3956D46DE8}") = "CMakePredefinedTargets", "CMakePredefinedTargets", "{EAFEB57E-5D0C-33AD-9FFD-FAD7C544B7B4}"
EndProject
Project("{2150E333-8FDC-42A3-9474-1A3956D46DE8}") = "Cauldron", "Cauldron", "{81F9439F-A5A1-359D-8EE4-0FFED6F2B8E7}"
EndProject
Project("{2150E333-8FDC-42A3-9474-1A3956D46DE8}") = "CopyTargets", "CopyTargets", "{51E81BE8-DD0D-3369-93B9-B11EBA5244C8}"
EndProject
Project("{2150E333-8FDC-42A3-9474-1A3956D46DE8}") = "Tools", "Tools", "{5FD3DA59-890F-313A-9BB4-4B1C2E2D6BC6}"
EndProject
Project("{2150E333-8FDC-42A3-9474-1A3956D46DE8}") = "ThirdParty", "Tools\ThirdParty", "{665B9E3A-34DB-38D8-BF42-D84262389142}"
EndProject
Project("{8BC9CEB8-8B4A-11D0-8D11-00A0C91BC942}") = "ALL_BUILD", "ALL_BUILD.vcxproj", "{97FDB79E-13EB-3A64-80A6-6B45EB817659}"
	ProjectSection(ProjectDependencies) = postProject
		{D585F568-E344-3BA0-99E7-B0243968FDB5} = {D585F568-E344-3BA0-99E7-B0243968FDB5}
		{857FF94E-C230-384C-8F8F-3FAA9EDB724F} = {857FF94E-C230-384C-8F8F-3FAA9EDB724F}
		{0DF06DF4-CD2D-3D6C-806C-FC3145A5E55D} = {0DF06DF4-CD2D-3D6C-806C-FC3145A5E55D}
		{A6763664-33F4-3665-8497-AFD70DFE4F8E} = {A6763664-33F4-3665-8497-AFD70DFE4F8E}
		{9A9AE595-2D74-3A9E-8690-E0A3E0F7D359} = {9A9AE595-2D74-3A9E-8690-E0A3E0F7D359}
		{AB8050D8-5808-3A13-8884-5FA95F31E5CE} = {AB8050D8-5808-3A13-8884-5FA95F31E5CE}
		{04A2B105-3C55-3194-ABC3-CCBB4C693F91} = {04A2B105-3C55-3194-ABC3-CCBB4C693F91}
		{7CDCF201-11A4-3306-9F4D-EC71C28189DB} = {7CDCF201-11A4-3306-9F4D-EC71C28189DB}
		{B78AAE1F-E4C7-361E-BCB0-928C159A105B} = {B78AAE1F-E4C7-361E-BCB0-928C159A105B}
	EndProjectSection
EndProject
Project("{8BC9CEB8-8B4A-11D0-8D11-00A0C91BC942}") = "2024", "AoC_DX12_V\src\2024\2024.vcxproj", "{D585F568-E344-3BA0-99E7-B0243968FDB5}"
	ProjectSection(ProjectDependencies) = postProject
		{857FF94E-C230-384C-8F8F-3FAA9EDB724F} = {857FF94E-C230-384C-8F8F-3FAA9EDB724F}
		{9A9AE595-2D74-3A9E-8690-E0A3E0F7D359} = {9A9AE595-2D74-3A9E-8690-E0A3E0F7D359}
		{AB8050D8-5808-3A13-8884-5FA95F31E5CE} = {AB8050D8-5808-3A13-8884-5FA95F31E5CE}
		{7CDCF201-11A4-3306-9F4D-EC71C28189DB} = {7CDCF201-11A4-3306-9F4D-EC71C28189DB}
		{B78AAE1F-E4C7-361E-BCB0-928C159A105B} = {B78AAE1F-E4C7-361E-BCB0-928C159A105B}
		{535E8BBA-E172-354B-8DE3-F3F3CF72969B} = {535E8BBA-E172-354B-8DE3-F3F3CF72969B}
		{E252B661-3E08-3A8E-B931-01635FFE657A} = {E252B661-3E08-3A8E-B931-01635FFE657A}
		{8F04B8C7-972D-30EF-B9D4-0CA68458251C} = {8F04B8C7-972D-30EF-B9D4-0CA68458251C}
		{416862C9-9714-3E2F-A2A8-3ADFE37AC2CD} = {416862C9-9714-3E2F-A2A8-3ADFE37AC2CD}
	EndProjectSection
EndProject
Project("{8BC9CEB8-8B4A-11D0-8D11-00A0C91BC942}") = "AoC_Common", "AoC_DX12_V\src\Common\AoC_Common.vcxproj", "{857FF94E-C230-384C-8F8F-3FAA9EDB724F}"
	ProjectSection(ProjectDependencies) = postProject
		{9A9AE595-2D74-3A9E-8690-E0A3E0F7D359} = {9A9AE595-2D74-3A9E-8690-E0A3E0F7D359}
		{AB8050D8-5808-3A13-8884-5FA95F31E5CE} = {AB8050D8-5808-3A13-8884-5FA95F31E5CE}
		{7CDCF201-11A4-3306-9F4D-EC71C28189DB} = {7CDCF201-11A4-3306-9F4D-EC71C28189DB}
		{B78AAE1F-E4C7-361E-BCB0-928C159A105B} = {B78AAE1F-E4C7-361E-BCB0-928C159A105B}
		{535E8BBA-E172-354B-8DE3-F3F3CF72969B} = {535E8BBA-E172-354B-8DE3-F3F3CF72969B}
		{8F04B8C7-972D-30EF-B9D4-0CA68458251C} = {8F04B8C7-972D-30EF-B9D4-0CA68458251C}
		{416862C9-9714-3E2F-A2A8-3ADFE37AC2CD} = {416862C9-9714-3E2F-A2A8-3ADFE37AC2CD}
	EndProjectSection
EndProject
Project("{8BC9CEB8-8B4A-11D0-8D11-00A0C91BC942}") = "AoC_DX12", "AoC_DX12_V\src\DX12\AoC_DX12.vcxproj", "{0DF06DF4-CD2D-3D6C-806C-FC3145A5E55D}"
	ProjectSection(ProjectDependencies) = postProject
		{D585F568-E344-3BA0-99E7-B0243968FDB5} = {D585F568-E344-3BA0-99E7-B0243968FDB5}
		{857FF94E-C230-384C-8F8F-3FAA9EDB724F} = {857FF94E-C230-384C-8F8F-3FAA9EDB724F}
		{9A9AE595-2D74-3A9E-8690-E0A3E0F7D359} = {9A9AE595-2D74-3A9E-8690-E0A3E0F7D359}
		{AB8050D8-5808-3A13-8884-5FA95F31E5CE} = {AB8050D8-5808-3A13-8884-5FA95F31E5CE}
		{7CDCF201-11A4-3306-9F4D-EC71C28189DB} = {7CDCF201-11A4-3306-9F4D-EC71C28189DB}
		{B78AAE1F-E4C7-361E-BCB0-928C159A105B} = {B78AAE1F-E4C7-361E-BCB0-928C159A105B}
		{535E8BBA-E172-354B-8DE3-F3F3CF72969B} = {535E8BBA-E172-354B-8DE3-F3F3CF72969B}
		{8F04B8C7-972D-30EF-B9D4-0CA68458251C} = {8F04B8C7-972D-30EF-B9D4-0CA68458251C}
		{416862C9-9714-3E2F-A2A8-3ADFE37AC2CD} = {416862C9-9714-3E2F-A2A8-3ADFE37AC2CD}
	EndProjectSection
EndProject
Project("{8BC9CEB8-8B4A-11D0-8D11-00A0C91BC942}") = "AoC_VK", "AoC_DX12_V\src\VK\AoC_VK.vcxproj", "{A6763664-33F4-3665-8497-AFD70DFE4F8E}"
	ProjectSection(ProjectDependencies) = postProject
		{857FF94E-C230-384C-8F8F-3FAA9EDB724F} = {857FF94E-C230-384C-8F8F-3FAA9EDB724F}
		{9A9AE595-2D74-3A9E-8690-E0A3E0F7D359} = {9A9AE595-2D74-3A9E-8690-E0A3E0F7D359}
		{AB8050D8-5808-3A13-8884-5FA95F31E5CE} = {AB8050D8-5808-3A13-8884-5FA95F31E5CE}
		{04A2B105-3C55-3194-ABC3-CCBB4C693F91} = {04A2B105-3C55-3194-ABC3-CCBB4C693F91}
		{7CDCF201-11A4-3306-9F4D-EC71C28189DB} = {7CDCF201-11A4-3306-9F4D-EC71C28189DB}
		{B78AAE1F-E4C7-361E-BCB0-928C159A105B} = {B78AAE1F-E4C7-361E-BCB0-928C159A105B}
		{535E8BBA-E172-354B-8DE3-F3F3CF72969B} = {535E8BBA-E172-354B-8DE3-F3F3CF72969B}
		{8F04B8C7-972D-30EF-B9D4-0CA68458251C} = {8F04B8C7-972D-30EF-B9D4-0CA68458251C}
		{416862C9-9714-3E2F-A2A8-3ADFE37AC2CD} = {416862C9-9714-3E2F-A2A8-3ADFE37AC2CD}
	EndProjectSection
EndProject
Project("{8BC9CEB8-8B4A-11D0-8D11-00A0C91BC942}") = "Cauldron_Common", "AoC_DX12_V\libs\cauldron\src\common\Cauldron_Common.vcxproj", "{9A9AE595-2D74-3A9E-8690-E0A3E0F7D359}"
	ProjectSection(ProjectDependencies) = postProject
		{B78AAE1F-E4C7-361E-BCB0-928C159A105B} = {B78AAE1F-E4C7-361E-BCB0-928C159A105B}
		{7FC9C1FC-9F65-3925-A3B2-1570F244AF92} = {7FC9C1FC-9F65-3925-A3B2-1570F244AF92}
		{8F04B8C7-972D-30EF-B9D4-0CA68458251C} = {8F04B8C7-972D-30EF-B9D4-0CA68458251C}
	EndProjectSection
EndProject
Project("{8BC9CEB8-8B4A-11D0-8D11-00A0C91BC942}") = "Cauldron_DX12", "AoC_DX12_V\libs\cauldron\src\DX12\Cauldron_DX12.vcxproj", "{AB8050D8-5808-3A13-8884-5FA95F31E5CE}"
	ProjectSection(ProjectDependencies) = postProject
		{9A9AE595-2D74-3A9E-8690-E0A3E0F7D359} = {9A9AE595-2D74-3A9E-8690-E0A3E0F7D359}
		{B78AAE1F-E4C7-361E-BCB0-928C159A105B} = {B78AAE1F-E4C7-361E-BCB0-928C159A105B}
		{C44436EA-9450-3972-BC99-7EB8463D8D49} = {C44436EA-9450-3972-BC99-7EB8463D8D49}
		{95FE27AD-AD3A-361C-8493-B44C6E087498} = {95FE27AD-AD3A-361C-8493-B44C6E087498}
		{8F04B8C7-972D-30EF-B9D4-0CA68458251C} = {8F04B8C7-972D-30EF-B9D4-0CA68458251C}
		{416862C9-9714-3E2F-A2A8-3ADFE37AC2CD} = {416862C9-9714-3E2F-A2A8-3ADFE37AC2CD}
	EndProjectSection
EndProject
Project("{8BC9CEB8-8B4A-11D0-8D11-00A0C91BC942}") = "Cauldron_VK", "AoC_DX12_V\libs\cauldron\src\VK\Cauldron_VK.vcxproj", "{04A2B105-3C55-3194-ABC3-CCBB4C693F91}"
	ProjectSection(ProjectDependencies) = postProject
		{9A9AE595-2D74-3A9E-8690-E0A3E0F7D359} = {9A9AE595-2D74-3A9E-8690-E0A3E0F7D359}
		{B78AAE1F-E4C7-361E-BCB0-928C159A105B} = {B78AAE1F-E4C7-361E-BCB0-928C159A105B}
		{8F04B8C7-972D-30EF-B9D4-0CA68458251C} = {8F04B8C7-972D-30EF-B9D4-0CA68458251C}
		{EFB514DD-FF77-306A-A713-B49B5B69104F} = {EFB514DD-FF77-306A-A713-B49B5B69104F}
		{BFB40396-DFCB-3415-87DD-9B297565B625} = {BFB40396-DFCB-3415-87DD-9B297565B625}
	EndProjectSection
EndProject
Project("{8BC9CEB8-8B4A-11D0-8D11-00A0C91BC942}") = "ImGUI", "AoC_DX12_V\libs\cauldron\libs\imgui\ImGUI.vcxproj", "{7CDCF201-11A4-3306-9F4D-EC71C28189DB}"
	ProjectSection(ProjectDependencies) = postProject
		{B78AAE1F-E4C7-361E-BCB0-928C159A105B} = {B78AAE1F-E4C7-361E-BCB0-928C159A105B}
	EndProjectSection
EndProject
Project("{8BC9CEB8-8B4A-11D0-8D11-00A0C91BC942}") = "ZERO_CHECK", "ZERO_CHECK.vcxproj", "{B78AAE1F-E4C7-361E-BCB0-928C159A105B}"
	ProjectSection(ProjectDependencies) = postProject
	EndProjectSection
EndProject
Project("{8BC9CEB8-8B4A-11D0-8D11-00A0C91BC942}") = "copied_amd_ags_bin", "AoC_DX12_V\libs\cauldron\libs\AGS\copied_amd_ags_bin.vcxproj", "{535E8BBA-E172-354B-8DE3-F3F3CF72969B}"
	ProjectSection(ProjectDependencies) = postProject
		{B78AAE1F-E4C7-361E-BCB0-928C159A105B} = {B78AAE1F-E4C7-361E-BCB0-928C159A105B}
	EndProjectSection
EndProject
Project("{8BC9CEB8-8B4A-11D0-8D11-00A0C91BC942}") = "copied_common_config", "AoC_DX12_V\src\Common\copied_common_config.vcxproj", "{E252B661-3E08-3A8E-B931-01635FFE657A}"
	ProjectSection(ProjectDependencies) = postProject
		{B78AAE1F-E4C7-361E-BCB0-928C159A105B} = {B78AAE1F-E4C7-361E-BCB0-928C159A105B}
	EndProjectSection
EndProject
Project("{8BC9CEB8-8B4A-11D0-8D11-00A0C91BC942}") = "copied_common_media_src", "AoC_DX12_V\libs\cauldron\src\common\copied_common_media_src.vcxproj", "{7FC9C1FC-9F65-3925-A3B2-1570F244AF92}"
	ProjectSection(ProjectDependencies) = postProject
		{B78AAE1F-E4C7-361E-BCB0-928C159A105B} = {B78AAE1F-E4C7-361E-BCB0-928C159A105B}
	EndProjectSection
EndProject
Project("{8BC9CEB8-8B4A-11D0-8D11-00A0C91BC942}") = "copied_dx12_shaders_gltf_src", "AoC_DX12_V\libs\cauldron\src\DX12\copied_dx12_shaders_gltf_src.vcxproj", "{C44436EA-9450-3972-BC99-7EB8463D8D49}"
	ProjectSection(ProjectDependencies) = postProject
		{B78AAE1F-E4C7-361E-BCB0-928C159A105B} = {B78AAE1F-E4C7-361E-BCB0-928C159A105B}
	EndProjectSection
EndProject
Project("{8BC9CEB8-8B4A-11D0-8D11-00A0C91BC942}") = "copied_dx12_shaders_postproc_src", "AoC_DX12_V\libs\cauldron\src\DX12\copied_dx12_shaders_postproc_src.vcxproj", "{95FE27AD-AD3A-361C-8493-B44C6E087498}"
	ProjectSection(ProjectDependencies) = postProject
		{B78AAE1F-E4C7-361E-BCB0-928C159A105B} = {B78AAE1F-E4C7-361E-BCB0-928C159A105B}
	EndProjectSection
EndProject
Project("{8BC9CEB8-8B4A-11D0-8D11-00A0C91BC942}") = "copied_dxc_bin", "AoC_DX12_V\libs\cauldron\libs\DXC\copied_dxc_bin.vcxproj", "{8F04B8C7-972D-30EF-B9D4-0CA68458251C}"
	ProjectSection(ProjectDependencies) = postProject
		{B78AAE1F-E4C7-361E-BCB0-928C159A105B} = {B78AAE1F-E4C7-361E-BCB0-928C159A105B}
	EndProjectSection
EndProject
Project("{8BC9CEB8-8B4A-11D0-8D11-00A0C91BC942}") = "copied_vk_shaders_gltf_src", "AoC_DX12_V\libs\cauldron\src\VK\copied_vk_shaders_gltf_src.vcxproj", "{EFB514DD-FF77-306A-A713-B49B5B69104F}"
	ProjectSection(ProjectDependencies) = postProject
		{B78AAE1F-E4C7-361E-BCB0-928C159A105B} = {B78AAE1F-E4C7-361E-BCB0-928C159A105B}
	EndProjectSection
EndProject
Project("{8BC9CEB8-8B4A-11D0-8D11-00A0C91BC942}") = "copied_vk_shaders_postproc_src", "AoC_DX12_V\libs\cauldron\src\VK\copied_vk_shaders_postproc_src.vcxproj", "{BFB40396-DFCB-3415-87DD-9B297565B625}"
	ProjectSection(ProjectDependencies) = postProject
		{B78AAE1F-E4C7-361E-BCB0-928C159A105B} = {B78AAE1F-E4C7-361E-BCB0-928C159A105B}
	EndProjectSection
EndProject
Project("{8BC9CEB8-8B4A-11D0-8D11-00A0C91BC942}") = "copied_winpixevent_bin", "AoC_DX12_V\libs\cauldron\libs\WinPixEventRuntime\copied_winpixevent_bin.vcxproj", "{416862C9-9714-3E2F-A2A8-3ADFE37AC2CD}"
	ProjectSection(ProjectDependencies) = postProject
		{B78AAE1F-E4C7-361E-BCB0-928C159A105B} = {B78AAE1F-E4C7-361E-BCB0-928C159A105B}
	EndProjectSection
EndProject
Global
	GlobalSection(SolutionConfigurationPlatforms) = preSolution
		Debug|x64 = Debug|x64
		Release|x64 = Release|x64
		MinSizeRel|x64 = MinSizeRel|x64
		RelWithDebInfo|x64 = RelWithDebInfo|x64
	EndGlobalSection
	GlobalSection(ProjectConfigurationPlatforms) = postSolution
		{97FDB79E-13EB-3A64-80A6-6B45EB817659}.Debug|x64.ActiveCfg = Debug|x64
		{97FDB79E-13EB-3A64-80A6-6B45EB817659}.Release|x64.ActiveCfg = Release|x64
		{97FDB79E-13EB-3A64-80A6-6B45EB817659}.MinSizeRel|x64.ActiveCfg = MinSizeRel|x64
		{97FDB79E-13EB-3A64-80A6-6B45EB817659}.RelWithDebInfo|x64.ActiveCfg = RelWithDebInfo|x64
		{D585F568-E344-3BA0-99E7-B0243968FDB5}.Debug|x64.ActiveCfg = Debug|x64
		{D585F568-E344-3BA0-99E7-B0243968FDB5}.Debug|x64.Build.0 = Debug|x64
		{D585F568-E344-3BA0-99E7-B0243968FDB5}.Release|x64.ActiveCfg = Release|x64
		{D585F568-E344-3BA0-99E7-B0243968FDB5}.Release|x64.Build.0 = Release|x64
		{D585F568-E344-3BA0-99E7-B0243968FDB5}.MinSizeRel|x64.ActiveCfg = MinSizeRel|x64
		{D585F568-E344-3BA0-99E7-B0243968FDB5}.MinSizeRel|x64.Build.0 = MinSizeRel|x64
		{D585F568-E344-3BA0-99E7-B0243968FDB5}.RelWithDebInfo|x64.ActiveCfg = RelWithDebInfo|x64
		{D585F568-E344-3BA0-99E7-B0243968FDB5}.RelWithDebInfo|x64.Build.0 = RelWithDebInfo|x64
		{857FF94E-C230-384C-8F8F-3FAA9EDB724F}.Debug|x64.ActiveCfg = Debug|x64
		{857FF94E-C230-384C-8F8F-3FAA9EDB724F}.Debug|x64.Build.0 = Debug|x64
		{857FF94E-C230-384C-8F8F-3FAA9EDB724F}.Release|x64.ActiveCfg = Release|x64
		{857FF94E-C230-384C-8F8F-3FAA9EDB724F}.Release|x64.Build.0 = Release|x64
		{857FF94E-C230-384C-8F8F-3FAA9EDB724F}.MinSizeRel|x64.ActiveCfg = MinSizeRel|x64
		{857FF94E-C230-384C-8F8F-3FAA9EDB724F}.MinSizeRel|x64.Build.0 = MinSizeRel|x64
		{857FF94E-C230-384C-8F8F-3FAA9EDB724F}.RelWithDebInfo|x64.ActiveCfg = RelWithDebInfo|x64
		{857FF94E-C230-384C-8F8F-3FAA9EDB724F}.RelWithDebInfo|x64.Build.0 = RelWithDebInfo|x64
		{0DF06DF4-CD2D-3D6C-806C-FC3145A5E55D}.Debug|x64.ActiveCfg = Debug|x64
		{0DF06DF4-CD2D-3D6C-806C-FC3145A5E55D}.Debug|x64.Build.0 = Debug|x64
		{0DF06DF4-CD2D-3D6C-806C-FC3145A5E55D}.Release|x64.ActiveCfg = Release|x64
		{0DF06DF4-CD2D-3D6C-806C-FC3145A5E55D}.Release|x64.Build.0 = Release|x64
		{0DF06DF4-CD2D-3D6C-806C-FC3145A5E55D}.MinSizeRel|x64.ActiveCfg = MinSizeRel|x64
		{0DF06DF4-CD2D-3D6C-806C-FC3145A5E55D}.MinSizeRel|x64.Build.0 = MinSizeRel|x64
		{0DF06DF4-CD2D-3D6C-806C-FC3145A5E55D}.RelWithDebInfo|x64.ActiveCfg = RelWithDebInfo|x64
		{0DF06DF4-CD2D-3D6C-806C-FC3145A5E55D}.RelWithDebInfo|x64.Build.0 = RelWithDebInfo|x64
		{A6763664-33F4-3665-8497-AFD70DFE4F8E}.Debug|x64.ActiveCfg = Debug|x64
		{A6763664-33F4-3665-8497-AFD70DFE4F8E}.Debug|x64.Build.0 = Debug|x64
		{A6763664-33F4-3665-8497-AFD70DFE4F8E}.Release|x64.ActiveCfg = Release|x64
		{A6763664-33F4-3665-8497-AFD70DFE4F8E}.Release|x64.Build.0 = Release|x64
		{A6763664-33F4-3665-8497-AFD70DFE4F8E}.MinSizeRel|x64.ActiveCfg = MinSizeRel|x64
		{A6763664-33F4-3665-8497-AFD70DFE4F8E}.MinSizeRel|x64.Build.0 = MinSizeRel|x64
		{A6763664-33F4-3665-8497-AFD70DFE4F8E}.RelWithDebInfo|x64.ActiveCfg = RelWithDebInfo|x64
		{A6763664-33F4-3665-8497-AFD70DFE4F8E}.RelWithDebInfo|x64.Build.0 = RelWithDebInfo|x64
		{9A9AE595-2D74-3A9E-8690-E0A3E0F7D359}.Debug|x64.ActiveCfg = Debug|x64
		{9A9AE595-2D74-3A9E-8690-E0A3E0F7D359}.Debug|x64.Build.0 = Debug|x64
		{9A9AE595-2D74-3A9E-8690-E0A3E0F7D359}.Release|x64.ActiveCfg = Release|x64
		{9A9AE595-2D74-3A9E-8690-E0A3E0F7D359}.Release|x64.Build.0 = Release|x64
		{9A9AE595-2D74-3A9E-8690-E0A3E0F7D359}.MinSizeRel|x64.ActiveCfg = MinSizeRel|x64
		{9A9AE595-2D74-3A9E-8690-E0A3E0F7D359}.MinSizeRel|x64.Build.0 = MinSizeRel|x64
		{9A9AE595-2D74-3A9E-8690-E0A3E0F7D359}.RelWithDebInfo|x64.ActiveCfg = RelWithDebInfo|x64
		{9A9AE595-2D74-3A9E-8690-E0A3E0F7D359}.RelWithDebInfo|x64.Build.0 = RelWithDebInfo|x64
		{AB8050D8-5808-3A13-8884-5FA95F31E5CE}.Debug|x64.ActiveCfg = Debug|x64
		{AB8050D8-5808-3A13-8884-5FA95F31E5CE}.Debug|x64.Build.0 = Debug|x64
		{AB8050D8-5808-3A13-8884-5FA95F31E5CE}.Release|x64.ActiveCfg = Release|x64
		{AB8050D8-5808-3A13-8884-5FA95F31E5CE}.Release|x64.Build.0 = Release|x64
		{AB8050D8-5808-3A13-8884-5FA95F31E5CE}.MinSizeRel|x64.ActiveCfg = MinSizeRel|x64
		{AB8050D8-5808-3A13-8884-5FA95F31E5CE}.MinSizeRel|x64.Build.0 = MinSizeRel|x64
		{AB8050D8-5808-3A13-8884-5FA95F31E5CE}.RelWithDebInfo|x64.ActiveCfg = RelWithDebInfo|x64
		{AB8050D8-5808-3A13-8884-5FA95F31E5CE}.RelWithDebInfo|x64.Build.0 = RelWithDebInfo|x64
		{04A2B105-3C55-3194-ABC3-CCBB4C693F91}.Debug|x64.ActiveCfg = Debug|x64
		{04A2B105-3C55-3194-ABC3-CCBB4C693F91}.Debug|x64.Build.0 = Debug|x64
		{04A2B105-3C55-3194-ABC3-CCBB4C693F91}.Release|x64.ActiveCfg = Release|x64
		{04A2B105-3C55-3194-ABC3-CCBB4C693F91}.Release|x64.Build.0 = Release|x64
		{04A2B105-3C55-3194-ABC3-CCBB4C693F91}.MinSizeRel|x64.ActiveCfg = MinSizeRel|x64
		{04A2B105-3C55-3194-ABC3-CCBB4C693F91}.MinSizeRel|x64.Build.0 = MinSizeRel|x64
		{04A2B105-3C55-3194-ABC3-CCBB4C693F91}.RelWithDebInfo|x64.ActiveCfg = RelWithDebInfo|x64
		{04A2B105-3C55-3194-ABC3-CCBB4C693F91}.RelWithDebInfo|x64.Build.0 = RelWithDebInfo|x64
		{7CDCF201-11A4-3306-9F4D-EC71C28189DB}.Debug|x64.ActiveCfg = Debug|x64
		{7CDCF201-11A4-3306-9F4D-EC71C28189DB}.Debug|x64.Build.0 = Debug|x64
		{7CDCF201-11A4-3306-9F4D-EC71C28189DB}.Release|x64.ActiveCfg = Release|x64
		{7CDCF201-11A4-3306-9F4D-EC71C28189DB}.Release|x64.Build.0 = Release|x64
		{7CDCF201-11A4-3306-9F4D-EC71C28189DB}.MinSizeRel|x64.ActiveCfg = MinSizeRel|x64
		{7CDCF201-11A4-3306-9F4D-EC71C28189DB}.MinSizeRel|x64.Build.0 = MinSizeRel|x64
		{7CDCF201-11A4-3306-9F4D-EC71C28189DB}.RelWithDebInfo|x64.ActiveCfg = RelWithDebInfo|x64
		{7CDCF201-11A4-3306-9F4D-EC71C28189DB}.RelWithDebInfo|x64.Build.0 = RelWithDebInfo|x64
		{B78AAE1F-E4C7-361E-BCB0-928C159A105B}.Debug|x64.ActiveCfg = Debug|x64
		{B78AAE1F-E4C7-361E-BCB0-928C159A105B}.Debug|x64.Build.0 = Debug|x64
		{B78AAE1F-E4C7-361E-BCB0-928C159A105B}.Release|x64.ActiveCfg = Release|x64
		{B78AAE1F-E4C7-361E-BCB0-928C159A105B}.Release|x64.Build.0 = Release|x64
		{B78AAE1F-E4C7-361E-BCB0-928C159A105B}.MinSizeRel|x64.ActiveCfg = MinSizeRel|x64
		{B78AAE1F-E4C7-361E-BCB0-928C159A105B}.MinSizeRel|x64.Build.0 = MinSizeRel|x64
		{B78AAE1F-E4C7-361E-BCB0-928C159A105B}.RelWithDebInfo|x64.ActiveCfg = RelWithDebInfo|x64
		{B78AAE1F-E4C7-361E-BCB0-928C159A105B}.RelWithDebInfo|x64.Build.0 = RelWithDebInfo|x64
		{535E8BBA-E172-354B-8DE3-F3F3CF72969B}.Debug|x64.ActiveCfg = Debug|x64
		{535E8BBA-E172-354B-8DE3-F3F3CF72969B}.Debug|x64.Build.0 = Debug|x64
		{535E8BBA-E172-354B-8DE3-F3F3CF72969B}.Release|x64.ActiveCfg = Release|x64
		{535E8BBA-E172-354B-8DE3-F3F3CF72969B}.Release|x64.Build.0 = Release|x64
		{535E8BBA-E172-354B-8DE3-F3F3CF72969B}.MinSizeRel|x64.ActiveCfg = MinSizeRel|x64
		{535E8BBA-E172-354B-8DE3-F3F3CF72969B}.MinSizeRel|x64.Build.0 = MinSizeRel|x64
		{535E8BBA-E172-354B-8DE3-F3F3CF72969B}.RelWithDebInfo|x64.ActiveCfg = RelWithDebInfo|x64
		{535E8BBA-E172-354B-8DE3-F3F3CF72969B}.RelWithDebInfo|x64.Build.0 = RelWithDebInfo|x64
		{E252B661-3E08-3A8E-B931-01635FFE657A}.Debug|x64.ActiveCfg = Debug|x64
		{E252B661-3E08-3A8E-B931-01635FFE657A}.Debug|x64.Build.0 = Debug|x64
		{E252B661-3E08-3A8E-B931-01635FFE657A}.Release|x64.ActiveCfg = Release|x64
		{E252B661-3E08-3A8E-B931-01635FFE657A}.Release|x64.Build.0 = Release|x64
		{E252B661-3E08-3A8E-B931-01635FFE657A}.MinSizeRel|x64.ActiveCfg = MinSizeRel|x64
		{E252B661-3E08-3A8E-B931-01635FFE657A}.MinSizeRel|x64.Build.0 = MinSizeRel|x64
		{E252B661-3E08-3A8E-B931-01635FFE657A}.RelWithDebInfo|x64.ActiveCfg = RelWithDebInfo|x64
		{E252B661-3E08-3A8E-B931-01635FFE657A}.RelWithDebInfo|x64.Build.0 = RelWithDebInfo|x64
		{7FC9C1FC-9F65-3925-A3B2-1570F244AF92}.Debug|x64.ActiveCfg = Debug|x64
		{7FC9C1FC-9F65-3925-A3B2-1570F244AF92}.Debug|x64.Build.0 = Debug|x64
		{7FC9C1FC-9F65-3925-A3B2-1570F244AF92}.Release|x64.ActiveCfg = Release|x64
		{7FC9C1FC-9F65-3925-A3B2-1570F244AF92}.Release|x64.Build.0 = Release|x64
		{7FC9C1FC-9F65-3925-A3B2-1570F244AF92}.MinSizeRel|x64.ActiveCfg = MinSizeRel|x64
		{7FC9C1FC-9F65-3925-A3B2-1570F244AF92}.MinSizeRel|x64.Build.0 = MinSizeRel|x64
		{7FC9C1FC-9F65-3925-A3B2-1570F244AF92}.RelWithDebInfo|x64.ActiveCfg = RelWithDebInfo|x64
		{7FC9C1FC-9F65-3925-A3B2-1570F244AF92}.RelWithDebInfo|x64.Build.0 = RelWithDebInfo|x64
		{C44436EA-9450-3972-BC99-7EB8463D8D49}.Debug|x64.ActiveCfg = Debug|x64
		{C44436EA-9450-3972-BC99-7EB8463D8D49}.Debug|x64.Build.0 = Debug|x64
		{C44436EA-9450-3972-BC99-7EB8463D8D49}.Release|x64.ActiveCfg = Release|x64
		{C44436EA-9450-3972-BC99-7EB8463D8D49}.Release|x64.Build.0 = Release|x64
		{C44436EA-9450-3972-BC99-7EB8463D8D49}.MinSizeRel|x64.ActiveCfg = MinSizeRel|x64
		{C44436EA-9450-3972-BC99-7EB8463D8D49}.MinSizeRel|x64.Build.0 = MinSizeRel|x64
		{C44436EA-9450-3972-BC99-7EB8463D8D49}.RelWithDebInfo|x64.ActiveCfg = RelWithDebInfo|x64
		{C44436EA-9450-3972-BC99-7EB8463D8D49}.RelWithDebInfo|x64.Build.0 = RelWithDebInfo|x64
		{95FE27AD-AD3A-361C-8493-B44C6E087498}.Debug|x64.ActiveCfg = Debug|x64
		{95FE27AD-AD3A-361C-8493-B44C6E087498}.Debug|x64.Build.0 = Debug|x64
		{95FE27AD-AD3A-361C-8493-B44C6E087498}.Release|x64.ActiveCfg = Release|x64
		{95FE27AD-AD3A-361C-8493-B44C6E087498}.Release|x64.Build.0 = Release|x64
		{95FE27AD-AD3A-361C-8493-B44C6E087498}.MinSizeRel|x64.ActiveCfg = MinSizeRel|x64
		{95FE27AD-AD3A-361C-8493-B44C6E087498}.MinSizeRel|x64.Build.0 = MinSizeRel|x64
		{95FE27AD-AD3A-361C-8493-B44C6E087498}.RelWithDebInfo|x64.ActiveCfg = RelWithDebInfo|x64
		{95FE27AD-AD3A-361C-8493-B44C6E087498}.RelWithDebInfo|x64.Build.0 = RelWithDebInfo|x64
		{8F04B8C7-972D-30EF-B9D4-0CA68458251C}.Debug|x64.ActiveCfg = Debug|x64
		{8F04B8C7-972D-30EF-B9D4-0CA68458251C}.Debug|x64.Build.0 = Debug|x64
		{8F04B8C7-972D-30EF-B9D4-0CA68458251C}.Release|x64.ActiveCfg = Release|x64
		{8F04B8C7-972D-30EF-B9D4-0CA68458251C}.Release|x64.Build.0 = Release|x64
		{8F04B8C7-972D-30EF-B9D4-0CA68458251C}.MinSizeRel|x64.ActiveCfg = MinSizeRel|x64
		{8F04B8C7-972D-30EF-B9D4-0CA68458251C}.MinSizeRel|x64.Build.0 = MinSizeRel|x64
		{8F04B8C7-972D-30EF-B9D4-0CA68458251C}.RelWithDebInfo|x64.ActiveCfg = RelWithDebInfo|x64
		{8F04B8C7-972D-30EF-B9D4-0CA68458251C}.RelWithDebInfo|x64.Build.0 = RelWithDebInfo|x64
		{EFB514DD-FF77-306A-A713-B49B5B69104F}.Debug|x64.ActiveCfg = Debug|x64
		{EFB514DD-FF77-306A-A713-B49B5B69104F}.Debug|x64.Build.0 = Debug|x64
		{EFB514DD-FF77-306A-A713-B49B5B69104F}.Release|x64.ActiveCfg = Release|x64
		{EFB514DD-FF77-306A-A713-B49B5B69104F}.Release|x64.Build.0 = Release|x64
		{EFB514DD-FF77-306A-A713-B49B5B69104F}.MinSizeRel|x64.ActiveCfg = MinSizeRel|x64
		{EFB514DD-FF77-306A-A713-B49B5B69104F}.MinSizeRel|x64.Build.0 = MinSizeRel|x64
		{EFB514DD-FF77-306A-A713-B49B5B69104F}.RelWithDebInfo|x64.ActiveCfg = RelWithDebInfo|x64
		{EFB514DD-FF77-306A-A713-B49B5B69104F}.RelWithDebInfo|x64.Build.0 = RelWithDebInfo|x64
		{BFB40396-DFCB-3415-87DD-9B297565B625}.Debug|x64.ActiveCfg = Debug|x64
		{BFB40396-DFCB-3415-87DD-9B297565B625}.Debug|x64.Build.0 = Debug|x64
		{BFB40396-DFCB-3415-87DD-9B297565B625}.Release|x64.ActiveCfg = Release|x64
		{BFB40396-DFCB-3415-87DD-9B297565B625}.Release|x64.Build.0 = Release|x64
		{BFB40396-DFCB-3415-87DD-9B297565B625}.MinSizeRel|x64.ActiveCfg = MinSizeRel|x64
		{BFB40396-DFCB-3415-87DD-9B297565B625}.MinSizeRel|x64.Build.0 = MinSizeRel|x64
		{BFB40396-DFCB-3415-87DD-9B297565B625}.RelWithDebInfo|x64.ActiveCfg = RelWithDebInfo|x64
		{BFB40396-DFCB-3415-87DD-9B297565B625}.RelWithDebInfo|x64.Build.0 = RelWithDebInfo|x64
		{416862C9-9714-3E2F-A2A8-3ADFE37AC2CD}.Debug|x64.ActiveCfg = Debug|x64
		{416862C9-9714-3E2F-A2A8-3ADFE37AC2CD}.Debug|x64.Build.0 = Debug|x64
		{416862C9-9714-3E2F-A2A8-3ADFE37AC2CD}.Release|x64.ActiveCfg = Release|x64
		{416862C9-9714-3E2F-A2A8-3ADFE37AC2CD}.Release|x64.Build.0 = Release|x64
		{416862C9-9714-3E2F-A2A8-3ADFE37AC2CD}.MinSizeRel|x64.ActiveCfg = MinSizeRel|x64
		{416862C9-9714-3E2F-A2A8-3ADFE37AC2CD}.MinSizeRel|x64.Build.0 = MinSizeRel|x64
		{416862C9-9714-3E2F-A2A8-3ADFE37AC2CD}.RelWithDebInfo|x64.ActiveCfg = RelWithDebInfo|x64
		{416862C9-9714-3E2F-A2A8-3ADFE37AC2CD}.RelWithDebInfo|x64.Build.0 = RelWithDebInfo|x64
	EndGlobalSection
	GlobalSection(NestedProjects) = preSolution
		{97FDB79E-13EB-3A64-80A6-6B45EB817659} = {EAFEB57E-5D0C-33AD-9FFD-FAD7C544B7B4}
		{B78AAE1F-E4C7-361E-BCB0-928C159A105B} = {EAFEB57E-5D0C-33AD-9FFD-FAD7C544B7B4}
		{9A9AE595-2D74-3A9E-8690-E0A3E0F7D359} = {81F9439F-A5A1-359D-8EE4-0FFED6F2B8E7}
		{AB8050D8-5808-3A13-8884-5FA95F31E5CE} = {81F9439F-A5A1-359D-8EE4-0FFED6F2B8E7}
		{04A2B105-3C55-3194-ABC3-CCBB4C693F91} = {81F9439F-A5A1-359D-8EE4-0FFED6F2B8E7}
		{535E8BBA-E172-354B-8DE3-F3F3CF72969B} = {51E81BE8-DD0D-3369-93B9-B11EBA5244C8}
		{E252B661-3E08-3A8E-B931-01635FFE657A} = {51E81BE8-DD0D-3369-93B9-B11EBA5244C8}
		{7FC9C1FC-9F65-3925-A3B2-1570F244AF92} = {51E81BE8-DD0D-3369-93B9-B11EBA5244C8}
		{C44436EA-9450-3972-BC99-7EB8463D8D49} = {51E81BE8-DD0D-3369-93B9-B11EBA5244C8}
		{95FE27AD-AD3A-361C-8493-B44C6E087498} = {51E81BE8-DD0D-3369-93B9-B11EBA5244C8}
		{8F04B8C7-972D-30EF-B9D4-0CA68458251C} = {51E81BE8-DD0D-3369-93B9-B11EBA5244C8}
		{EFB514DD-FF77-306A-A713-B49B5B69104F} = {51E81BE8-DD0D-3369-93B9-B11EBA5244C8}
		{BFB40396-DFCB-3415-87DD-9B297565B625} = {51E81BE8-DD0D-3369-93B9-B11EBA5244C8}
		{416862C9-9714-3E2F-A2A8-3ADFE37AC2CD} = {51E81BE8-DD0D-3369-93B9-B11EBA5244C8}
		{665B9E3A-34DB-38D8-BF42-D84262389142} = {5FD3DA59-890F-313A-9BB4-4B1C2E2D6BC6}
		{7CDCF201-11A4-3306-9F4D-EC71C28189DB} = {665B9E3A-34DB-38D8-BF42-D84262389142}
	EndGlobalSection
	GlobalSection(ExtensibilityGlobals) = postSolution
		SolutionGuid = {D020F7BF-F196-302B-864F-DD59ECC29F7C}
	EndGlobalSection
	GlobalSection(ExtensibilityAddIns) = postSolution
	EndGlobalSection
EndGlobal
