<?xml version="1.0" encoding="utf-8"?>
<Project ToolsVersion="17.0" xmlns="http://schemas.microsoft.com/developer/msbuild/2003">
  <ItemGroup>
    <ClCompile Include="C:\Work\AdventOfCode\AoC_DX12_V\libs\cauldron\src\VK\GLTF\GltfBBoxPass.cpp">
      <Filter>GLTF</Filter>
    </ClCompile>
    <ClCompile Include="C:\Work\AdventOfCode\AoC_DX12_V\libs\cauldron\src\VK\GLTF\GltfDepthPass.cpp">
      <Filter>GLTF</Filter>
    </ClCompile>
    <ClCompile Include="C:\Work\AdventOfCode\AoC_DX12_V\libs\cauldron\src\VK\GLTF\GltfHelpers.cpp">
      <Filter>GLTF</Filter>
    </ClCompile>
    <ClCompile Include="C:\Work\AdventOfCode\AoC_DX12_V\libs\cauldron\src\VK\GLTF\GltfPbrPass.cpp">
      <Filter>GLTF</Filter>
    </ClCompile>
    <ClCompile Include="C:\Work\AdventOfCode\AoC_DX12_V\libs\cauldron\src\VK\GLTF\GltfMotionVectorsPass.cpp">
      <Filter>GLTF</Filter>
    </ClCompile>
    <ClCompile Include="C:\Work\AdventOfCode\AoC_DX12_V\libs\cauldron\src\VK\GLTF\GLTFTexturesAndBuffers.cpp">
      <Filter>GLTF</Filter>
    </ClCompile>
    <ClCompile Include="C:\Work\AdventOfCode\AoC_DX12_V\libs\cauldron\src\VK\PostProc\Bloom.cpp">
      <Filter>PostProcess</Filter>
    </ClCompile>
    <ClCompile Include="C:\Work\AdventOfCode\AoC_DX12_V\libs\cauldron\src\VK\PostProc\BlurPS.cpp">
      <Filter>PostProcess</Filter>
    </ClCompile>
    <ClCompile Include="C:\Work\AdventOfCode\AoC_DX12_V\libs\cauldron\src\VK\PostProc\DownSamplePS.cpp">
      <Filter>PostProcess</Filter>
    </ClCompile>
    <ClCompile Include="C:\Work\AdventOfCode\AoC_DX12_V\libs\cauldron\src\VK\PostProc\PostProcPS.cpp">
      <Filter>PostProcess</Filter>
    </ClCompile>
    <ClCompile Include="C:\Work\AdventOfCode\AoC_DX12_V\libs\cauldron\src\VK\PostProc\PostProcCS.cpp">
      <Filter>PostProcess</Filter>
    </ClCompile>
    <ClCompile Include="C:\Work\AdventOfCode\AoC_DX12_V\libs\cauldron\src\VK\PostProc\SkyDome.cpp">
      <Filter>PostProcess</Filter>
    </ClCompile>
    <ClCompile Include="C:\Work\AdventOfCode\AoC_DX12_V\libs\cauldron\src\VK\PostProc\SkyDomeProc.cpp">
      <Filter>PostProcess</Filter>
    </ClCompile>
    <ClCompile Include="C:\Work\AdventOfCode\AoC_DX12_V\libs\cauldron\src\VK\PostProc\ColorConversionPS.cpp">
      <Filter>PostProcess</Filter>
    </ClCompile>
    <ClCompile Include="C:\Work\AdventOfCode\AoC_DX12_V\libs\cauldron\src\VK\PostProc\Tonemapping.cpp">
      <Filter>PostProcess</Filter>
    </ClCompile>
    <ClCompile Include="C:\Work\AdventOfCode\AoC_DX12_V\libs\cauldron\src\VK\PostProc\TonemappingCS.cpp">
      <Filter>PostProcess</Filter>
    </ClCompile>
    <ClCompile Include="C:\Work\AdventOfCode\AoC_DX12_V\libs\cauldron\src\VK\PostProc\TAA.cpp">
      <Filter>PostProcess</Filter>
    </ClCompile>
    <ClCompile Include="C:\Work\AdventOfCode\AoC_DX12_V\libs\cauldron\src\VK\PostProc\MagnifierPS.cpp">
      <Filter>PostProcess</Filter>
    </ClCompile>
    <ClCompile Include="C:\Work\AdventOfCode\AoC_DX12_V\libs\cauldron\src\VK\base\CommandListRing.cpp">
      <Filter>Base</Filter>
    </ClCompile>
    <ClCompile Include="C:\Work\AdventOfCode\AoC_DX12_V\libs\cauldron\src\VK\base\Device.cpp">
      <Filter>Base</Filter>
    </ClCompile>
    <ClCompile Include="C:\Work\AdventOfCode\AoC_DX12_V\libs\cauldron\src\VK\base\DeviceProperties.cpp">
      <Filter>Base</Filter>
    </ClCompile>
    <ClCompile Include="C:\Work\AdventOfCode\AoC_DX12_V\libs\cauldron\src\VK\base\DynamicBufferRing.cpp">
      <Filter>Base</Filter>
    </ClCompile>
    <ClCompile Include="C:\Work\AdventOfCode\AoC_DX12_V\libs\cauldron\src\VK\base\GBuffer.cpp">
      <Filter>Base</Filter>
    </ClCompile>
    <ClCompile Include="C:\Work\AdventOfCode\AoC_DX12_V\libs\cauldron\src\VK\base\GPUTimestamps.cpp">
      <Filter>Base</Filter>
    </ClCompile>
    <ClCompile Include="C:\Work\AdventOfCode\AoC_DX12_V\libs\cauldron\src\VK\base\FrameworkWindows.cpp">
      <Filter>Base</Filter>
    </ClCompile>
    <ClCompile Include="C:\Work\AdventOfCode\AoC_DX12_V\libs\cauldron\src\VK\base\FreeSyncHDR.cpp">
      <Filter>Base</Filter>
    </ClCompile>
    <ClCompile Include="C:\Work\AdventOfCode\AoC_DX12_V\libs\cauldron\src\VK\base\Helper.cpp">
      <Filter>Base</Filter>
    </ClCompile>
    <ClCompile Include="C:\Work\AdventOfCode\AoC_DX12_V\libs\cauldron\src\VK\base\Imgui.cpp">
      <Filter>Base</Filter>
    </ClCompile>
    <ClCompile Include="C:\Work\AdventOfCode\AoC_DX12_V\libs\cauldron\src\VK\base\Instance.cpp">
      <Filter>Base</Filter>
    </ClCompile>
    <ClCompile Include="C:\Work\AdventOfCode\AoC_DX12_V\libs\cauldron\src\VK\base\InstanceProperties.cpp">
      <Filter>Base</Filter>
    </ClCompile>
    <ClCompile Include="C:\Work\AdventOfCode\AoC_DX12_V\libs\cauldron\src\VK\base\ResourceViewHeaps.cpp">
      <Filter>Base</Filter>
    </ClCompile>
    <ClCompile Include="C:\Work\AdventOfCode\AoC_DX12_V\libs\cauldron\src\VK\base\ShaderCompilerHelper.cpp">
      <Filter>Base</Filter>
    </ClCompile>
    <ClCompile Include="C:\Work\AdventOfCode\AoC_DX12_V\libs\cauldron\src\VK\base\StaticBufferPool.cpp">
      <Filter>Base</Filter>
    </ClCompile>
    <ClCompile Include="C:\Work\AdventOfCode\AoC_DX12_V\libs\cauldron\src\VK\base\SwapChain.cpp">
      <Filter>Base</Filter>
    </ClCompile>
    <ClCompile Include="C:\Work\AdventOfCode\AoC_DX12_V\libs\cauldron\src\VK\base\Texture.cpp">
      <Filter>Base</Filter>
    </ClCompile>
    <ClCompile Include="C:\Work\AdventOfCode\AoC_DX12_V\libs\cauldron\src\VK\base\UploadHeap.cpp">
      <Filter>Base</Filter>
    </ClCompile>
    <ClCompile Include="C:\Work\AdventOfCode\AoC_DX12_V\libs\cauldron\src\VK\widgets\Axis.cpp">
      <Filter>Widgets</Filter>
    </ClCompile>
    <ClCompile Include="C:\Work\AdventOfCode\AoC_DX12_V\libs\cauldron\src\VK\widgets\CheckerBoardFloor.cpp">
      <Filter>Widgets</Filter>
    </ClCompile>
    <ClCompile Include="C:\Work\AdventOfCode\AoC_DX12_V\libs\cauldron\src\VK\widgets\Wireframe.cpp">
      <Filter>Widgets</Filter>
    </ClCompile>
    <ClCompile Include="C:\Work\AdventOfCode\AoC_DX12_V\libs\cauldron\src\VK\base\ExtFreeSyncHDR.cpp">
      <Filter>Extensions</Filter>
    </ClCompile>
    <ClCompile Include="C:\Work\AdventOfCode\AoC_DX12_V\libs\cauldron\src\VK\base\ExtFp16.cpp">
      <Filter>Extensions</Filter>
    </ClCompile>
    <ClCompile Include="C:\Work\AdventOfCode\AoC_DX12_V\libs\cauldron\src\VK\base\ExtRayTracing.cpp">
      <Filter>Extensions</Filter>
    </ClCompile>
    <ClCompile Include="C:\Work\AdventOfCode\AoC_DX12_V\libs\cauldron\src\VK\base\ExtValidation.cpp">
      <Filter>Extensions</Filter>
    </ClCompile>
    <ClCompile Include="C:\Work\AdventOfCode\AoC_DX12_V\libs\cauldron\src\VK\base\ExtVRS.cpp">
      <Filter>Extensions</Filter>
    </ClCompile>
    <ClCompile Include="C:\Work\AdventOfCode\AoC_DX12_V\libs\cauldron\src\VK\base\ExtDebugUtils.cpp">
      <Filter>Extensions</Filter>
    </ClCompile>
  </ItemGroup>
  <ItemGroup>
    <ClInclude Include="C:\Work\AdventOfCode\AoC_DX12_V\libs\cauldron\src\VK\GLTF\GltfBBoxPass.h">
      <Filter>GLTF</Filter>
    </ClInclude>
    <ClInclude Include="C:\Work\AdventOfCode\AoC_DX12_V\libs\cauldron\src\VK\GLTF\GltfDepthPass.h">
      <Filter>GLTF</Filter>
    </ClInclude>
    <ClInclude Include="C:\Work\AdventOfCode\AoC_DX12_V\libs\cauldron\src\VK\GLTF\GltfHelpers.h">
      <Filter>GLTF</Filter>
    </ClInclude>
    <ClInclude Include="C:\Work\AdventOfCode\AoC_DX12_V\libs\cauldron\src\VK\GLTF\GltfPbrPass.h">
      <Filter>GLTF</Filter>
    </ClInclude>
    <ClInclude Include="C:\Work\AdventOfCode\AoC_DX12_V\libs\cauldron\src\VK\GLTF\GltfMotionVectorsPass.h">
      <Filter>GLTF</Filter>
    </ClInclude>
    <ClInclude Include="C:\Work\AdventOfCode\AoC_DX12_V\libs\cauldron\src\VK\GLTF\GLTFTexturesAndBuffers.h">
      <Filter>GLTF</Filter>
    </ClInclude>
    <ClInclude Include="C:\Work\AdventOfCode\AoC_DX12_V\libs\cauldron\src\VK\PostProc\Bloom.h">
      <Filter>PostProcess</Filter>
    </ClInclude>
    <ClInclude Include="C:\Work\AdventOfCode\AoC_DX12_V\libs\cauldron\src\VK\PostProc\BlurPS.h">
      <Filter>PostProcess</Filter>
    </ClInclude>
    <ClInclude Include="C:\Work\AdventOfCode\AoC_DX12_V\libs\cauldron\src\VK\PostProc\DownSamplePS.h">
      <Filter>PostProcess</Filter>
    </ClInclude>
    <ClInclude Include="C:\Work\AdventOfCode\AoC_DX12_V\libs\cauldron\src\VK\PostProc\PostProcPS.h">
      <Filter>PostProcess</Filter>
    </ClInclude>
    <ClInclude Include="C:\Work\AdventOfCode\AoC_DX12_V\libs\cauldron\src\VK\PostProc\PostProcCS.h">
      <Filter>PostProcess</Filter>
    </ClInclude>
    <ClInclude Include="C:\Work\AdventOfCode\AoC_DX12_V\libs\cauldron\src\VK\PostProc\SkyDome.h">
      <Filter>PostProcess</Filter>
    </ClInclude>
    <ClInclude Include="C:\Work\AdventOfCode\AoC_DX12_V\libs\cauldron\src\VK\PostProc\SkyDomeProc.h">
      <Filter>PostProcess</Filter>
    </ClInclude>
    <ClInclude Include="C:\Work\AdventOfCode\AoC_DX12_V\libs\cauldron\src\VK\PostProc\ColorConversionPS.h">
      <Filter>PostProcess</Filter>
    </ClInclude>
    <ClInclude Include="C:\Work\AdventOfCode\AoC_DX12_V\libs\cauldron\src\VK\PostProc\Tonemapping.h">
      <Filter>PostProcess</Filter>
    </ClInclude>
    <ClInclude Include="C:\Work\AdventOfCode\AoC_DX12_V\libs\cauldron\src\VK\PostProc\TonemappingCS.h">
      <Filter>PostProcess</Filter>
    </ClInclude>
    <ClInclude Include="C:\Work\AdventOfCode\AoC_DX12_V\libs\cauldron\src\VK\PostProc\TAA.h">
      <Filter>PostProcess</Filter>
    </ClInclude>
    <ClInclude Include="C:\Work\AdventOfCode\AoC_DX12_V\libs\cauldron\src\VK\PostProc\MagnifierPS.h">
      <Filter>PostProcess</Filter>
    </ClInclude>
    <ClInclude Include="C:\Work\AdventOfCode\AoC_DX12_V\libs\cauldron\src\VK\base\CommandListRing.h">
      <Filter>Base</Filter>
    </ClInclude>
    <ClInclude Include="C:\Work\AdventOfCode\AoC_DX12_V\libs\cauldron\src\VK\base\Device.h">
      <Filter>Base</Filter>
    </ClInclude>
    <ClInclude Include="C:\Work\AdventOfCode\AoC_DX12_V\libs\cauldron\src\VK\base\DeviceProperties.h">
      <Filter>Base</Filter>
    </ClInclude>
    <ClInclude Include="C:\Work\AdventOfCode\AoC_DX12_V\libs\cauldron\src\VK\base\DynamicBufferRing.h">
      <Filter>Base</Filter>
    </ClInclude>
    <ClInclude Include="C:\Work\AdventOfCode\AoC_DX12_V\libs\cauldron\src\VK\base\GBuffer.h">
      <Filter>Base</Filter>
    </ClInclude>
    <ClInclude Include="C:\Work\AdventOfCode\AoC_DX12_V\libs\cauldron\src\VK\base\GPUTimestamps.h">
      <Filter>Base</Filter>
    </ClInclude>
    <ClInclude Include="C:\Work\AdventOfCode\AoC_DX12_V\libs\cauldron\src\VK\base\FrameworkWindows.h">
      <Filter>Base</Filter>
    </ClInclude>
    <ClInclude Include="C:\Work\AdventOfCode\AoC_DX12_V\libs\cauldron\src\VK\base\FreeSyncHDR.h">
      <Filter>Base</Filter>
    </ClInclude>
    <ClInclude Include="C:\Work\AdventOfCode\AoC_DX12_V\libs\cauldron\src\VK\base\Helper.h">
      <Filter>Base</Filter>
    </ClInclude>
    <ClInclude Include="C:\Work\AdventOfCode\AoC_DX12_V\libs\cauldron\src\VK\base\Imgui.h">
      <Filter>Base</Filter>
    </ClInclude>
    <ClInclude Include="C:\Work\AdventOfCode\AoC_DX12_V\libs\cauldron\src\VK\base\Instance.h">
      <Filter>Base</Filter>
    </ClInclude>
    <ClInclude Include="C:\Work\AdventOfCode\AoC_DX12_V\libs\cauldron\src\VK\base\InstanceProperties.h">
      <Filter>Base</Filter>
    </ClInclude>
    <ClInclude Include="C:\Work\AdventOfCode\AoC_DX12_V\libs\cauldron\src\VK\base\ResourceViewHeaps.h">
      <Filter>Base</Filter>
    </ClInclude>
    <ClInclude Include="C:\Work\AdventOfCode\AoC_DX12_V\libs\cauldron\src\VK\base\ShaderCompilerHelper.h">
      <Filter>Base</Filter>
    </ClInclude>
    <ClInclude Include="C:\Work\AdventOfCode\AoC_DX12_V\libs\cauldron\src\VK\base\StaticBufferPool.h">
      <Filter>Base</Filter>
    </ClInclude>
    <ClInclude Include="C:\Work\AdventOfCode\AoC_DX12_V\libs\cauldron\src\VK\base\SwapChain.h">
      <Filter>Base</Filter>
    </ClInclude>
    <ClInclude Include="C:\Work\AdventOfCode\AoC_DX12_V\libs\cauldron\src\VK\base\Texture.h">
      <Filter>Base</Filter>
    </ClInclude>
    <ClInclude Include="C:\Work\AdventOfCode\AoC_DX12_V\libs\cauldron\src\VK\base\UploadHeap.h">
      <Filter>Base</Filter>
    </ClInclude>
    <ClInclude Include="C:\Work\AdventOfCode\AoC_DX12_V\libs\cauldron\src\VK\widgets\Axis.h">
      <Filter>Widgets</Filter>
    </ClInclude>
    <ClInclude Include="C:\Work\AdventOfCode\AoC_DX12_V\libs\cauldron\src\VK\widgets\CheckerboardFloor.h">
      <Filter>Widgets</Filter>
    </ClInclude>
    <ClInclude Include="C:\Work\AdventOfCode\AoC_DX12_V\libs\cauldron\src\VK\widgets\Wireframe.h">
      <Filter>Widgets</Filter>
    </ClInclude>
    <ClInclude Include="C:\Work\AdventOfCode\AoC_DX12_V\libs\cauldron\src\VK\widgets\WireframeBox.h">
      <Filter>Widgets</Filter>
    </ClInclude>
    <ClInclude Include="C:\Work\AdventOfCode\AoC_DX12_V\libs\cauldron\src\VK\widgets\WireframeSphere.h">
      <Filter>Widgets</Filter>
    </ClInclude>
    <ClInclude Include="C:\Work\AdventOfCode\AoC_DX12_V\libs\cauldron\src\VK\base\ExtFreeSyncHDR.h">
      <Filter>Extensions</Filter>
    </ClInclude>
    <ClInclude Include="C:\Work\AdventOfCode\AoC_DX12_V\libs\cauldron\src\VK\base\ExtFp16.h">
      <Filter>Extensions</Filter>
    </ClInclude>
    <ClInclude Include="C:\Work\AdventOfCode\AoC_DX12_V\libs\cauldron\src\VK\base\ExtRayTracing.h">
      <Filter>Extensions</Filter>
    </ClInclude>
    <ClInclude Include="C:\Work\AdventOfCode\AoC_DX12_V\libs\cauldron\src\VK\base\ExtValidation.h">
      <Filter>Extensions</Filter>
    </ClInclude>
    <ClInclude Include="C:\Work\AdventOfCode\AoC_DX12_V\libs\cauldron\src\VK\base\ExtVRS.h">
      <Filter>Extensions</Filter>
    </ClInclude>
    <ClInclude Include="C:\Work\AdventOfCode\AoC_DX12_V\libs\cauldron\src\VK\base\ExtDebugUtils.h">
      <Filter>Extensions</Filter>
    </ClInclude>
  </ItemGroup>
  <ItemGroup>
    <CustomBuild Include="C:\Work\AdventOfCode\AoC_DX12_V\libs\cauldron\src\VK\CMakeLists.txt" />
  </ItemGroup>
  <ItemGroup>
    <Filter Include="Base">
      <UniqueIdentifier>{3DA268CE-CA9F-3F8E-A8C1-5F89104BAC38}</UniqueIdentifier>
    </Filter>
    <Filter Include="Extensions">
      <UniqueIdentifier>{B30D29C4-6969-3179-81FF-3A7B392C9DB0}</UniqueIdentifier>
    </Filter>
    <Filter Include="GLTF">
      <UniqueIdentifier>{AFDAE9F3-7143-379F-BBB2-26BEE651B13E}</UniqueIdentifier>
    </Filter>
    <Filter Include="PostProcess">
      <UniqueIdentifier>{561033F0-EE4D-3862-A936-5429FAA13971}</UniqueIdentifier>
    </Filter>
    <Filter Include="Widgets">
      <UniqueIdentifier>{7B07A4C7-92C9-35A7-A1EF-4D1396C73FA7}</UniqueIdentifier>
    </Filter>
  </ItemGroup>
</Project>
