
Microsoft Visual Studio Solution File, Format Version 12.00
# Visual Studio Version 17
VisualStudioVersion = 17.13.35617.110 d17.13
MinimumVisualStudioVersion = 10.0.40219.1
Project("{FAE04EC0-301F-11D3-BF4B-00C04F79EFBC}") = "dayscreator", "dayscreator.csproj", "{DF9FC029-F517-4831-B3AF-19F4F75AB886}"
EndProject
Global
	GlobalSection(SolutionConfigurationPlatforms) = preSolution
		Debug|Any CPU = Debug|Any CPU
		Release|Any CPU = Release|Any CPU
	EndGlobalSection
	GlobalSection(ProjectConfigurationPlatforms) = postSolution
		{DF9FC029-F517-4831-B3AF-19F4F75AB886}.Debug|Any CPU.ActiveCfg = Debug|Any CPU
		{DF9FC029-F517-4831-B3AF-19F4F75AB886}.Debug|Any CPU.Build.0 = Debug|Any CPU
		{DF9FC029-F517-4831-B3AF-19F4F75AB886}.Release|Any CPU.ActiveCfg = Release|Any CPU
		{DF9FC029-F517-4831-B3AF-19F4F75AB886}.Release|Any CPU.Build.0 = Release|Any CPU
	EndGlobalSection
	GlobalSection(SolutionProperties) = preSolution
		HideSolutionNode = FALSE
	EndGlobalSection
	GlobalSection(ExtensibilityGlobals) = postSolution
		SolutionGuid = {6B7B5D2E-C8FD-45FD-AB3D-067C6072B9CC}
	EndGlobalSection
EndGlobal
