Microsoft Visual Studio Solution File, Format Version 12.00
# Visual Studio Version 17
VisualStudioVersion = 17.5.2.0
MinimumVisualStudioVersion = 10.0.40219.1
Project("{FAE04EC0-301F-11D3-BF4B-00C04F79EFBC}") = "2016_12", "2016_12.csproj", "{B3C727FC-F4E3-9BEC-6CA2-D79E5F9E9056}"
EndProject
Global
	GlobalSection(SolutionConfigurationPlatforms) = preSolution
		Debug|Any CPU = Debug|Any CPU
		Release|Any CPU = Release|Any CPU
	EndGlobalSection
	GlobalSection(ProjectConfigurationPlatforms) = postSolution
		{B3C727FC-F4E3-9BEC-6CA2-D79E5F9E9056}.Debug|Any CPU.ActiveCfg = Debug|Any CPU
		{B3C727FC-F4E3-9BEC-6CA2-D79E5F9E9056}.Debug|Any CPU.Build.0 = Debug|Any CPU
		{B3C727FC-F4E3-9BEC-6CA2-D79E5F9E9056}.Release|Any CPU.ActiveCfg = Release|Any CPU
		{B3C727FC-F4E3-9BEC-6CA2-D79E5F9E9056}.Release|Any CPU.Build.0 = Release|Any CPU
	EndGlobalSection
	GlobalSection(SolutionProperties) = preSolution
		HideSolutionNode = FALSE
	EndGlobalSection
	GlobalSection(ExtensibilityGlobals) = postSolution
		SolutionGuid = {8F7F2258-1EC5-4A89-A5C6-621E9E9C1A8A}
	EndGlobalSection
EndGlobal
