<?xml version="1.0" encoding="utf-8"?>
<Project ToolsVersion="17.0" xmlns="http://schemas.microsoft.com/developer/msbuild/2003">
  <ItemGroup>
    <ClCompile Include="C:\Work\AdventOfCode\AoC_DX12_V\src\Common\stdafx.cpp">
      <Filter>Sources</Filter>
    </ClCompile>
    <ClCompile Include="C:\Work\AdventOfCode\AoC_DX12_V\src\Common\2024\Day_01.cpp">
      <Filter>Year2024</Filter>
    </ClCompile>
  </ItemGroup>
  <ItemGroup>
    <ClInclude Include="C:\Work\AdventOfCode\AoC_DX12_V\src\Common\stdafx.h">
      <Filter>Sources</Filter>
    </ClInclude>
    <ClInclude Include="C:\Work\AdventOfCode\AoC_DX12_V\src\Common\2024\Day_01.h">
      <Filter>Year2024</Filter>
    </ClInclude>
  </ItemGroup>
  <ItemGroup>
    <CustomBuild Include="C:\Work\AdventOfCode\AoC_DX12_V\src\Common\CMakeLists.txt" />
  </ItemGroup>
  <ItemGroup>
    <Filter Include="Sources">
      <UniqueIdentifier>{B74A0C19-D09C-3C0E-BE1D-220197C83549}</UniqueIdentifier>
    </Filter>
    <Filter Include="Year2024">
      <UniqueIdentifier>{B7BA0610-FB16-3C7F-A998-49D8902F2981}</UniqueIdentifier>
    </Filter>
  </ItemGroup>
</Project>
