<?xml version="1.0" encoding="utf-8"?>
<Project ToolsVersion="4.0" xmlns="http://schemas.microsoft.com/developer/msbuild/2003">
  <ItemGroup>
    <Filter Include="Source Files">
      <UniqueIdentifier>{4FC737F1-C7A5-4376-A066-2A32D752A2FF}</UniqueIdentifier>
      <Extensions>cpp;c;cc;cxx;c++;cppm;ixx;def;odl;idl;hpj;bat;asm;asmx</Extensions>
    </Filter>
    <Filter Include="Header Files">
      <UniqueIdentifier>{93995380-89BD-4b04-88EB-625FBE52EBFB}</UniqueIdentifier>
      <Extensions>h;hh;hpp;hxx;h++;hm;inl;inc;ipp;xsd</Extensions>
    </Filter>
    <Filter Include="Resource Files">
      <UniqueIdentifier>{67DA6AB6-F800-4c08-8B7A-83BB121AAD01}</UniqueIdentifier>
      <Extensions>rc;ico;cur;bmp;dlg;rc2;rct;bin;rgs;gif;jpg;jpeg;jpe;resx;tiff;tif;png;wav;mfcribbon-ms</Extensions>
    </Filter>
    <Filter Include="Base">
      <UniqueIdentifier>{6fdfb4b5-005e-4fe8-9eae-33d2169bb0b7}</UniqueIdentifier>
    </Filter>
    <Filter Include="Base\Tigr">
      <UniqueIdentifier>{34d5caa1-4a60-4ed3-8746-9bc7c0c6c56a}</UniqueIdentifier>
    </Filter>
    <Filter Include="Base\hlsl++">
      <UniqueIdentifier>{f7f9f1ba-81f0-4518-81e9-925e866a6acf}</UniqueIdentifier>
    </Filter>
    <Filter Include="Base\hlsl++\hlsl++">
      <UniqueIdentifier>{daea9b5e-c905-4392-9088-ec7c6e695634}</UniqueIdentifier>
    </Filter>
    <Filter Include="Base\hlsl++\hlsl++\platforms">
      <UniqueIdentifier>{61838aeb-ae3c-44c2-b718-d5c6ad7b473d}</UniqueIdentifier>
    </Filter>
    <Filter Include="Base\hlsl++\hlsl++\swizzle">
      <UniqueIdentifier>{30e1dafb-693c-4d0a-903a-fccc0d9633ed}</UniqueIdentifier>
    </Filter>
    <Filter Include="Base\hlsl++\hlsl++\transform">
      <UniqueIdentifier>{cd4b649f-8565-4439-a192-2dee3f18c41b}</UniqueIdentifier>
    </Filter>
    <Filter Include="Base\Tracy">
      <UniqueIdentifier>{aad773a9-dd66-4ecd-a336-37b037aca23f}</UniqueIdentifier>
    </Filter>
  </ItemGroup>
  <ItemGroup>
    <ClCompile Include="AoC_Cpp.cpp">
      <Filter>Source Files</Filter>
    </ClCompile>
    <ClCompile Include="pch.cpp">
      <Filter>Source Files</Filter>
    </ClCompile>
    <ClCompile Include="Base\Tigr\tigr.cpp">
      <Filter>Base\Tigr</Filter>
    </ClCompile>
    <ClCompile Include="Base\TimeKeeper.cpp">
      <Filter>Base</Filter>
    </ClCompile>
    <ClCompile Include="Base\fonts.cpp">
      <Filter>Base</Filter>
    </ClCompile>
    <ClCompile Include="Base\Tracy\TracyClient.cpp">
      <Filter>Base\Tracy</Filter>
    </ClCompile>
  </ItemGroup>
  <ItemGroup>
    <ClInclude Include="pch.h">
      <Filter>Header Files</Filter>
    </ClInclude>
    <ClInclude Include="Base\Tigr\tigr.h">
      <Filter>Base\Tigr</Filter>
    </ClInclude>
    <ClInclude Include="Base\TimeKeeper.h">
      <Filter>Base</Filter>
    </ClInclude>
    <ClInclude Include="Base\fonts.h">
      <Filter>Base</Filter>
    </ClInclude>
    <ClInclude Include="Base\fonts_bin.h">
      <Filter>Base</Filter>
    </ClInclude>
    <ClInclude Include="Base\hlsl++\hlsl++.h">
      <Filter>Base\hlsl++</Filter>
    </ClInclude>
    <ClInclude Include="Base\hlsl++\hlsl++_dependent.h">
      <Filter>Base\hlsl++</Filter>
    </ClInclude>
    <ClInclude Include="Base\hlsl++\hlsl++_matrix_float.h">
      <Filter>Base\hlsl++</Filter>
    </ClInclude>
    <ClInclude Include="Base\hlsl++\hlsl++_matrix_float_type.h">
      <Filter>Base\hlsl++</Filter>
    </ClInclude>
    <ClInclude Include="Base\hlsl++\hlsl++_quaternion.h">
      <Filter>Base\hlsl++</Filter>
    </ClInclude>
    <ClInclude Include="Base\hlsl++\hlsl++_quaternion_type.h">
      <Filter>Base\hlsl++</Filter>
    </ClInclude>
    <ClInclude Include="Base\hlsl++\hlsl++_vector_double.h">
      <Filter>Base\hlsl++</Filter>
    </ClInclude>
    <ClInclude Include="Base\hlsl++\hlsl++_vector_double_type.h">
      <Filter>Base\hlsl++</Filter>
    </ClInclude>
    <ClInclude Include="Base\hlsl++\hlsl++_vector_float.h">
      <Filter>Base\hlsl++</Filter>
    </ClInclude>
    <ClInclude Include="Base\hlsl++\hlsl++_vector_float_type.h">
      <Filter>Base\hlsl++</Filter>
    </ClInclude>
    <ClInclude Include="Base\hlsl++\hlsl++_vector_float8.h">
      <Filter>Base\hlsl++</Filter>
    </ClInclude>
    <ClInclude Include="Base\hlsl++\hlsl++_vector_int.h">
      <Filter>Base\hlsl++</Filter>
    </ClInclude>
    <ClInclude Include="Base\hlsl++\hlsl++_vector_int_type.h">
      <Filter>Base\hlsl++</Filter>
    </ClInclude>
    <ClInclude Include="Base\hlsl++\hlsl++_vector_uint.h">
      <Filter>Base\hlsl++</Filter>
    </ClInclude>
    <ClInclude Include="Base\hlsl++\hlsl++_vector_uint_type.h">
      <Filter>Base\hlsl++</Filter>
    </ClInclude>
    <ClInclude Include="Base\hlsl++\hlsl++\bitmask.h">
      <Filter>Base\hlsl++\hlsl++</Filter>
    </ClInclude>
    <ClInclude Include="Base\hlsl++\hlsl++\common.h">
      <Filter>Base\hlsl++\hlsl++</Filter>
    </ClInclude>
    <ClInclude Include="Base\hlsl++\hlsl++\config.h">
      <Filter>Base\hlsl++\hlsl++</Filter>
    </ClInclude>
    <ClInclude Include="Base\hlsl++\hlsl++\data_packing.h">
      <Filter>Base\hlsl++\hlsl++</Filter>
    </ClInclude>
    <ClInclude Include="Base\hlsl++\hlsl++\dependent.h">
      <Filter>Base\hlsl++\hlsl++</Filter>
    </ClInclude>
    <ClInclude Include="Base\hlsl++\hlsl++\half.h">
      <Filter>Base\hlsl++\hlsl++</Filter>
    </ClInclude>
    <ClInclude Include="Base\hlsl++\hlsl++\matrix_float.h">
      <Filter>Base\hlsl++\hlsl++</Filter>
    </ClInclude>
    <ClInclude Include="Base\hlsl++\hlsl++\matrix_float_type.h">
      <Filter>Base\hlsl++\hlsl++</Filter>
    </ClInclude>
    <ClInclude Include="Base\hlsl++\hlsl++\quaternion.h">
      <Filter>Base\hlsl++\hlsl++</Filter>
    </ClInclude>
    <ClInclude Include="Base\hlsl++\hlsl++\quaternion_type.h">
      <Filter>Base\hlsl++\hlsl++</Filter>
    </ClInclude>
    <ClInclude Include="Base\hlsl++\hlsl++\type_traits.h">
      <Filter>Base\hlsl++\hlsl++</Filter>
    </ClInclude>
    <ClInclude Include="Base\hlsl++\hlsl++\vector_double.h">
      <Filter>Base\hlsl++\hlsl++</Filter>
    </ClInclude>
    <ClInclude Include="Base\hlsl++\hlsl++\vector_double_type.h">
      <Filter>Base\hlsl++\hlsl++</Filter>
    </ClInclude>
    <ClInclude Include="Base\hlsl++\hlsl++\vector_float.h">
      <Filter>Base\hlsl++\hlsl++</Filter>
    </ClInclude>
    <ClInclude Include="Base\hlsl++\hlsl++\vector_float_type.h">
      <Filter>Base\hlsl++\hlsl++</Filter>
    </ClInclude>
    <ClInclude Include="Base\hlsl++\hlsl++\vector_float8.h">
      <Filter>Base\hlsl++\hlsl++</Filter>
    </ClInclude>
    <ClInclude Include="Base\hlsl++\hlsl++\vector_int.h">
      <Filter>Base\hlsl++\hlsl++</Filter>
    </ClInclude>
    <ClInclude Include="Base\hlsl++\hlsl++\vector_int_type.h">
      <Filter>Base\hlsl++\hlsl++</Filter>
    </ClInclude>
    <ClInclude Include="Base\hlsl++\hlsl++\vector_uint.h">
      <Filter>Base\hlsl++\hlsl++</Filter>
    </ClInclude>
    <ClInclude Include="Base\hlsl++\hlsl++\vector_uint_type.h">
      <Filter>Base\hlsl++\hlsl++</Filter>
    </ClInclude>
    <ClInclude Include="Base\hlsl++\hlsl++\swizzle\matrix_row0_1.h">
      <Filter>Base\hlsl++\hlsl++\swizzle</Filter>
    </ClInclude>
    <ClInclude Include="Base\hlsl++\hlsl++\swizzle\matrix_row0_2.h">
      <Filter>Base\hlsl++\hlsl++\swizzle</Filter>
    </ClInclude>
    <ClInclude Include="Base\hlsl++\hlsl++\swizzle\matrix_row0_3.h">
      <Filter>Base\hlsl++\hlsl++\swizzle</Filter>
    </ClInclude>
    <ClInclude Include="Base\hlsl++\hlsl++\swizzle\matrix_row0_4.h">
      <Filter>Base\hlsl++\hlsl++\swizzle</Filter>
    </ClInclude>
    <ClInclude Include="Base\hlsl++\hlsl++\swizzle\matrix_row1_1.h">
      <Filter>Base\hlsl++\hlsl++\swizzle</Filter>
    </ClInclude>
    <ClInclude Include="Base\hlsl++\hlsl++\swizzle\matrix_row1_2.h">
      <Filter>Base\hlsl++\hlsl++\swizzle</Filter>
    </ClInclude>
    <ClInclude Include="Base\hlsl++\hlsl++\swizzle\matrix_row1_3.h">
      <Filter>Base\hlsl++\hlsl++\swizzle</Filter>
    </ClInclude>
    <ClInclude Include="Base\hlsl++\hlsl++\swizzle\matrix_row1_4.h">
      <Filter>Base\hlsl++\hlsl++\swizzle</Filter>
    </ClInclude>
    <ClInclude Include="Base\hlsl++\hlsl++\swizzle\matrix_row2_1.h">
      <Filter>Base\hlsl++\hlsl++\swizzle</Filter>
    </ClInclude>
    <ClInclude Include="Base\hlsl++\hlsl++\swizzle\matrix_row2_2.h">
      <Filter>Base\hlsl++\hlsl++\swizzle</Filter>
    </ClInclude>
    <ClInclude Include="Base\hlsl++\hlsl++\swizzle\matrix_row2_3.h">
      <Filter>Base\hlsl++\hlsl++\swizzle</Filter>
    </ClInclude>
    <ClInclude Include="Base\hlsl++\hlsl++\swizzle\matrix_row2_4.h">
      <Filter>Base\hlsl++\hlsl++\swizzle</Filter>
    </ClInclude>
    <ClInclude Include="Base\hlsl++\hlsl++\swizzle\matrix_row3_1.h">
      <Filter>Base\hlsl++\hlsl++\swizzle</Filter>
    </ClInclude>
    <ClInclude Include="Base\hlsl++\hlsl++\swizzle\matrix_row3_2.h">
      <Filter>Base\hlsl++\hlsl++\swizzle</Filter>
    </ClInclude>
    <ClInclude Include="Base\hlsl++\hlsl++\swizzle\matrix_row3_3.h">
      <Filter>Base\hlsl++\hlsl++\swizzle</Filter>
    </ClInclude>
    <ClInclude Include="Base\hlsl++\hlsl++\swizzle\matrix_row3_4.h">
      <Filter>Base\hlsl++\hlsl++\swizzle</Filter>
    </ClInclude>
    <ClInclude Include="Base\hlsl++\hlsl++\swizzle\vector_double_w.h">
      <Filter>Base\hlsl++\hlsl++\swizzle</Filter>
    </ClInclude>
    <ClInclude Include="Base\hlsl++\hlsl++\swizzle\vector_double_x.h">
      <Filter>Base\hlsl++\hlsl++\swizzle</Filter>
    </ClInclude>
    <ClInclude Include="Base\hlsl++\hlsl++\swizzle\vector_double_y.h">
      <Filter>Base\hlsl++\hlsl++\swizzle</Filter>
    </ClInclude>
    <ClInclude Include="Base\hlsl++\hlsl++\swizzle\vector_double_z.h">
      <Filter>Base\hlsl++\hlsl++\swizzle</Filter>
    </ClInclude>
    <ClInclude Include="Base\hlsl++\hlsl++\swizzle\vector_float_w.h">
      <Filter>Base\hlsl++\hlsl++\swizzle</Filter>
    </ClInclude>
    <ClInclude Include="Base\hlsl++\hlsl++\swizzle\vector_float_x.h">
      <Filter>Base\hlsl++\hlsl++\swizzle</Filter>
    </ClInclude>
    <ClInclude Include="Base\hlsl++\hlsl++\swizzle\vector_float_y.h">
      <Filter>Base\hlsl++\hlsl++\swizzle</Filter>
    </ClInclude>
    <ClInclude Include="Base\hlsl++\hlsl++\swizzle\vector_float_z.h">
      <Filter>Base\hlsl++\hlsl++\swizzle</Filter>
    </ClInclude>
    <ClInclude Include="Base\hlsl++\hlsl++\swizzle\vector_int_w.h">
      <Filter>Base\hlsl++\hlsl++\swizzle</Filter>
    </ClInclude>
    <ClInclude Include="Base\hlsl++\hlsl++\swizzle\vector_int_x.h">
      <Filter>Base\hlsl++\hlsl++\swizzle</Filter>
    </ClInclude>
    <ClInclude Include="Base\hlsl++\hlsl++\swizzle\vector_int_y.h">
      <Filter>Base\hlsl++\hlsl++\swizzle</Filter>
    </ClInclude>
    <ClInclude Include="Base\hlsl++\hlsl++\swizzle\vector_int_z.h">
      <Filter>Base\hlsl++\hlsl++\swizzle</Filter>
    </ClInclude>
    <ClInclude Include="Base\hlsl++\hlsl++\swizzle\vector_uint_w.h">
      <Filter>Base\hlsl++\hlsl++\swizzle</Filter>
    </ClInclude>
    <ClInclude Include="Base\hlsl++\hlsl++\swizzle\vector_uint_x.h">
      <Filter>Base\hlsl++\hlsl++\swizzle</Filter>
    </ClInclude>
    <ClInclude Include="Base\hlsl++\hlsl++\swizzle\vector_uint_y.h">
      <Filter>Base\hlsl++\hlsl++\swizzle</Filter>
    </ClInclude>
    <ClInclude Include="Base\hlsl++\hlsl++\swizzle\vector_uint_z.h">
      <Filter>Base\hlsl++\hlsl++\swizzle</Filter>
    </ClInclude>
    <ClInclude Include="Base\hlsl++\hlsl++\platforms\neon.h">
      <Filter>Base\hlsl++\hlsl++\platforms</Filter>
    </ClInclude>
    <ClInclude Include="Base\hlsl++\hlsl++\platforms\scalar.h">
      <Filter>Base\hlsl++\hlsl++\platforms</Filter>
    </ClInclude>
    <ClInclude Include="Base\hlsl++\hlsl++\platforms\sse.h">
      <Filter>Base\hlsl++\hlsl++\platforms</Filter>
    </ClInclude>
    <ClInclude Include="Base\hlsl++\hlsl++\platforms\wasm.h">
      <Filter>Base\hlsl++\hlsl++\platforms</Filter>
    </ClInclude>
    <ClInclude Include="Base\hlsl++\hlsl++\platforms\xbox360.h">
      <Filter>Base\hlsl++\hlsl++\platforms</Filter>
    </ClInclude>
    <ClInclude Include="Base\hlsl++\hlsl++\transform\common.h">
      <Filter>Base\hlsl++\hlsl++\transform</Filter>
    </ClInclude>
    <ClInclude Include="Base\hlsl++\hlsl++\transform\float2x2.h">
      <Filter>Base\hlsl++\hlsl++\transform</Filter>
    </ClInclude>
    <ClInclude Include="Base\hlsl++\hlsl++\transform\float3x3.h">
      <Filter>Base\hlsl++\hlsl++\transform</Filter>
    </ClInclude>
    <ClInclude Include="Base\hlsl++\hlsl++\transform\float4x4.h">
      <Filter>Base\hlsl++\hlsl++\transform</Filter>
    </ClInclude>
    <ClInclude Include="Base\PipeOperatorBase.h">
      <Filter>Base</Filter>
    </ClInclude>
  </ItemGroup>
</Project>