<?xml version="1.0" encoding="utf-8"?>
<Project ToolsVersion="17.0" xmlns="http://schemas.microsoft.com/developer/msbuild/2003">
  <ItemGroup>
    <CustomBuild Include="C:\Work\AdventOfCode\AoC_DX12_V\libs\cauldron\libs\DXC\bin\x64\dxcompiler.dll" />
    <CustomBuild Include="C:\Work\AdventOfCode\AoC_DX12_V\libs\cauldron\libs\DXC\bin\x64\dxil.dll" />
    <CustomBuild Include="C:\Work\AdventOfCode\CMakeFiles\419750caffc15fd6ac54aa38be4cacee\copied_dxc_bin.rule">
      <Filter>CMake Rules</Filter>
    </CustomBuild>
    <CustomBuild Include="C:\Work\AdventOfCode\AoC_DX12_V\libs\cauldron\libs\DXC\CMakeLists.txt" />
  </ItemGroup>
  <ItemGroup>
    <None Include="C:\Work\AdventOfCode\AoC_DX12_V\libs\cauldron\libs\DXC\CMakeFiles\copied_dxc_bin" />
  </ItemGroup>
  <ItemGroup>
    <Filter Include="CMake Rules">
      <UniqueIdentifier>{FC78D440-279C-3827-A4D0-E1D6139EFE17}</UniqueIdentifier>
    </Filter>
  </ItemGroup>
</Project>
