<?xml version="1.0" encoding="utf-8"?>
<Project ToolsVersion="4.0" xmlns="http://schemas.microsoft.com/developer/msbuild/2003">
  <ItemGroup>
    <Filter Include="Source Files">
      <UniqueIdentifier>{4FC737F1-C7A5-4376-A066-2A32D752A2FF}</UniqueIdentifier>
      <Extensions>cpp;c;cc;cxx;c++;cppm;ixx;def;odl;idl;hpj;bat;asm;asmx</Extensions>
    </Filter>
    <Filter Include="Header Files">
      <UniqueIdentifier>{93995380-89BD-4b04-88EB-625FBE52EBFB}</UniqueIdentifier>
      <Extensions>h;hh;hpp;hxx;h++;hm;inl;inc;ipp;xsd</Extensions>
    </Filter>
    <Filter Include="Resource Files">
      <UniqueIdentifier>{67DA6AB6-F800-4c08-8B7A-83BB121AAD01}</UniqueIdentifier>
      <Extensions>rc;ico;cur;bmp;dlg;rc2;rct;bin;rgs;gif;jpg;jpeg;jpe;resx;tiff;tif;png;wav;mfcribbon-ms</Extensions>
    </Filter>
    <Filter Include="Header Files\Base">
      <UniqueIdentifier>{28d364ad-9e1b-437e-a392-364a9bffbdba}</UniqueIdentifier>
    </Filter>
    <Filter Include="Source Files\Base">
      <UniqueIdentifier>{4b3997cd-1781-4121-9650-45dc59d03362}</UniqueIdentifier>
    </Filter>
    <Filter Include="Header Files\2024">
      <UniqueIdentifier>{db90499d-fb99-4c74-967e-ca10136dcff3}</UniqueIdentifier>
    </Filter>
    <Filter Include="Header Files\Tests">
      <UniqueIdentifier>{d746ac6a-4f3f-417c-995e-1c8b7ed8c9b0}</UniqueIdentifier>
    </Filter>
    <Filter Include="Source Files\2024">
      <UniqueIdentifier>{f8d85b7e-da57-4c0f-851f-49af8a50c5c7}</UniqueIdentifier>
    </Filter>
    <Filter Include="Source Files\Tests">
      <UniqueIdentifier>{a1881c99-e192-4f15-b06f-414a17d50781}</UniqueIdentifier>
    </Filter>
    <Filter Include="Database">
      <UniqueIdentifier>{587d7b4b-a706-49b1-9b69-94ef7127dada}</UniqueIdentifier>
    </Filter>
    <Filter Include="TestInputs">
      <UniqueIdentifier>{316bbd13-37a1-4f89-8937-82c68c616160}</UniqueIdentifier>
    </Filter>
    <Filter Include="Header Files\Base\AoC Engine">
      <UniqueIdentifier>{9cc228c4-ab92-45b3-8785-016e4e23a621}</UniqueIdentifier>
    </Filter>
    <Filter Include="Header Files\Base\AoC Engine\Core">
      <UniqueIdentifier>{b535f548-4218-4572-8b3f-e7fbcbccfc91}</UniqueIdentifier>
    </Filter>
  </ItemGroup>
  <ItemGroup>
    <ClCompile Include="main.cpp">
      <Filter>Source Files</Filter>
    </ClCompile>
    <ClCompile Include="AoCBase.cpp">
      <Filter>Source Files\Base</Filter>
    </ClCompile>
    <ClCompile Include="AoC_2024_32.cpp">
      <Filter>Source Files\Tests</Filter>
    </ClCompile>
    <ClCompile Include="DebugBuffer.cpp">
      <Filter>Source Files\Base</Filter>
    </ClCompile>
    <ClCompile Include="pch.cpp">
      <Filter>Source Files</Filter>
    </ClCompile>
    <ClCompile Include="CustomStreams.cpp">
      <Filter>Source Files\Base</Filter>
    </ClCompile>
    <ClCompile Include="CustomFunctions.cpp">
      <Filter>Source Files\Base</Filter>
    </ClCompile>
    <ClCompile Include="AoCVisualizer.cpp">
      <Filter>Source Files\Base</Filter>
    </ClCompile>
    <ClCompile Include="AoCBaseWithWindow.cpp">
      <Filter>Source Files\Tests</Filter>
    </ClCompile>
    <ClCompile Include="AoCBaseWithD3D.cpp">
      <Filter>Source Files\Tests</Filter>
    </ClCompile>
    <ClCompile Include="AoC_2024_01.cpp">
      <Filter>Source Files\2024</Filter>
    </ClCompile>
    <ClCompile Include="AoC_2024_02.cpp">
      <Filter>Source Files\2024</Filter>
    </ClCompile>
    <ClCompile Include="AoC_2024_03.cpp">
      <Filter>Source Files\2024</Filter>
    </ClCompile>
    <ClCompile Include="AoC_2024_04.cpp">
      <Filter>Source Files\2024</Filter>
    </ClCompile>
    <ClCompile Include="AoC_2024_05.cpp">
      <Filter>Source Files\2024</Filter>
    </ClCompile>
    <ClCompile Include="AoC_2024_06.cpp">
      <Filter>Source Files\2024</Filter>
    </ClCompile>
    <ClCompile Include="AoC_2024_07.cpp">
      <Filter>Source Files\2024</Filter>
    </ClCompile>
    <ClCompile Include="AoC_2024_08.cpp">
      <Filter>Source Files\2024</Filter>
    </ClCompile>
    <ClCompile Include="AoC_2024_09.cpp">
      <Filter>Source Files\2024</Filter>
    </ClCompile>
    <ClCompile Include="AoC_2024_10.cpp">
      <Filter>Source Files\2024</Filter>
    </ClCompile>
    <ClCompile Include="AoC_2024_11.cpp">
      <Filter>Source Files\2024</Filter>
    </ClCompile>
    <ClCompile Include="AoC_2024_12.cpp">
      <Filter>Source Files\2024</Filter>
    </ClCompile>
    <ClCompile Include="AoC_2024_13.cpp">
      <Filter>Source Files\2024</Filter>
    </ClCompile>
    <ClCompile Include="AoC_2024_14.cpp">
      <Filter>Source Files\2024</Filter>
    </ClCompile>
    <ClCompile Include="AoC_2024_15.cpp">
      <Filter>Source Files\2024</Filter>
    </ClCompile>
    <ClCompile Include="AoC_2024_16.cpp">
      <Filter>Source Files\2024</Filter>
    </ClCompile>
    <ClCompile Include="AoC_2024_17.cpp">
      <Filter>Source Files\2024</Filter>
    </ClCompile>
    <ClCompile Include="AoC_2024_18.cpp">
      <Filter>Source Files\2024</Filter>
    </ClCompile>
    <ClCompile Include="AoC_2024_19.cpp">
      <Filter>Source Files\2024</Filter>
    </ClCompile>
    <ClCompile Include="AoC_2024_20.cpp">
      <Filter>Source Files\2024</Filter>
    </ClCompile>
    <ClCompile Include="AoC_2024_21.cpp">
      <Filter>Source Files\2024</Filter>
    </ClCompile>
    <ClCompile Include="AoC_2024_22.cpp">
      <Filter>Source Files\2024</Filter>
    </ClCompile>
    <ClCompile Include="AoC_2024_23.cpp">
      <Filter>Source Files\2024</Filter>
    </ClCompile>
    <ClCompile Include="AoC_2024_24.cpp">
      <Filter>Source Files\2024</Filter>
    </ClCompile>
    <ClCompile Include="AoC2024.cpp">
      <Filter>Source Files\2024</Filter>
    </ClCompile>
  </ItemGroup>
  <ItemGroup>
    <ClInclude Include="AoC_2024_32.h">
      <Filter>Header Files\Tests</Filter>
    </ClInclude>
    <ClInclude Include="pch.h">
      <Filter>Header Files</Filter>
    </ClInclude>
    <ClInclude Include="AoCBaseWithWindow.h">
      <Filter>Header Files\Tests</Filter>
    </ClInclude>
    <ClInclude Include="AoCBaseWithD3D.h">
      <Filter>Header Files\Tests</Filter>
    </ClInclude>
    <ClInclude Include="AoC_2024_01.h">
      <Filter>Source Files\2024</Filter>
    </ClInclude>
    <ClInclude Include="AoC_2024_02.h">
      <Filter>Source Files\2024</Filter>
    </ClInclude>
    <ClInclude Include="AoC_2024_03.h">
      <Filter>Source Files\2024</Filter>
    </ClInclude>
    <ClInclude Include="AoC_2024_04.h">
      <Filter>Source Files\2024</Filter>
    </ClInclude>
    <ClInclude Include="AoC_2024_05.h">
      <Filter>Source Files\2024</Filter>
    </ClInclude>
    <ClInclude Include="AoC_2024_06.h">
      <Filter>Source Files\2024</Filter>
    </ClInclude>
    <ClInclude Include="AoC_2024_07.h">
      <Filter>Source Files\2024</Filter>
    </ClInclude>
    <ClInclude Include="AoC_2024_08.h">
      <Filter>Source Files\2024</Filter>
    </ClInclude>
    <ClInclude Include="AoC_2024_09.h">
      <Filter>Source Files\2024</Filter>
    </ClInclude>
    <ClInclude Include="AoC_2024_10.h">
      <Filter>Source Files\2024</Filter>
    </ClInclude>
    <ClInclude Include="AoC_2024_11.h">
      <Filter>Source Files\2024</Filter>
    </ClInclude>
    <ClInclude Include="AoC_2024_12.h">
      <Filter>Source Files\2024</Filter>
    </ClInclude>
    <ClInclude Include="AoC_2024_13.h">
      <Filter>Source Files\2024</Filter>
    </ClInclude>
    <ClInclude Include="AoC_2024_14.h">
      <Filter>Source Files\2024</Filter>
    </ClInclude>
    <ClInclude Include="AoC_2024_15.h">
      <Filter>Source Files\2024</Filter>
    </ClInclude>
    <ClInclude Include="AoC_2024_16.h">
      <Filter>Source Files\2024</Filter>
    </ClInclude>
    <ClInclude Include="AoC_2024_17.h">
      <Filter>Source Files\2024</Filter>
    </ClInclude>
    <ClInclude Include="AoC_2024_18.h">
      <Filter>Source Files\2024</Filter>
    </ClInclude>
    <ClInclude Include="AoC_2024_19.h">
      <Filter>Source Files\2024</Filter>
    </ClInclude>
    <ClInclude Include="AoC_2024_20.h">
      <Filter>Source Files\2024</Filter>
    </ClInclude>
    <ClInclude Include="AoC_2024_21.h">
      <Filter>Source Files\2024</Filter>
    </ClInclude>
    <ClInclude Include="AoC_2024_22.h">
      <Filter>Source Files\2024</Filter>
    </ClInclude>
    <ClInclude Include="AoC_2024_23.h">
      <Filter>Source Files\2024</Filter>
    </ClInclude>
    <ClInclude Include="AoC_2024_24.h">
      <Filter>Source Files\2024</Filter>
    </ClInclude>
    <ClInclude Include="AoC_2024_Includes.h">
      <Filter>Source Files\2024</Filter>
    </ClInclude>
    <ClInclude Include="AoC_2024_Run.h">
      <Filter>Source Files\2024</Filter>
    </ClInclude>
    <ClInclude Include="AoC2024.h">
      <Filter>Source Files\2024</Filter>
    </ClInclude>
    <ClInclude Include="AoCVisualizer.h">
      <Filter>Source Files\Base</Filter>
    </ClInclude>
    <ClInclude Include="AoCBase.h">
      <Filter>Source Files\Base</Filter>
    </ClInclude>
    <ClInclude Include="CustomFunctions.h">
      <Filter>Source Files\Base</Filter>
    </ClInclude>
    <ClInclude Include="CustomStreams.h">
      <Filter>Source Files\Base</Filter>
    </ClInclude>
    <ClInclude Include="CustomTypes.h">
      <Filter>Source Files\Base</Filter>
    </ClInclude>
    <ClInclude Include="DebugBuffer.h">
      <Filter>Source Files\Base</Filter>
    </ClInclude>
    <ClInclude Include="mutil.h">
      <Filter>Source Files\Base</Filter>
    </ClInclude>
    <ClInclude Include="json.hpp">
      <Filter>Source Files\Base</Filter>
    </ClInclude>
  </ItemGroup>
  <ItemGroup>
    <None Include="Database\DaysData.json">
      <Filter>Database</Filter>
    </None>
    <None Include="Database\ProgramConfig.json">
      <Filter>Database</Filter>
    </None>
  </ItemGroup>
  <ItemGroup>
    <Text Include="Test\2024_1_1.txt">
      <Filter>TestInputs</Filter>
    </Text>
    <Text Include="Test\2024_1_2.txt">
      <Filter>TestInputs</Filter>
    </Text>
    <Text Include="Test\2024_2_1.txt">
      <Filter>TestInputs</Filter>
    </Text>
    <Text Include="Test\2024_2_2.txt">
      <Filter>TestInputs</Filter>
    </Text>
    <Text Include="Test\2024_3_1.txt">
      <Filter>TestInputs</Filter>
    </Text>
    <Text Include="Test\2024_3_2.txt">
      <Filter>TestInputs</Filter>
    </Text>
    <Text Include="Test\2024_4_1.txt">
      <Filter>TestInputs</Filter>
    </Text>
    <Text Include="Test\2024_4_2.txt">
      <Filter>TestInputs</Filter>
    </Text>
    <Text Include="Test\2024_5_1.txt">
      <Filter>TestInputs</Filter>
    </Text>
    <Text Include="Test\2024_5_2.txt">
      <Filter>TestInputs</Filter>
    </Text>
    <Text Include="Test\2024_6_1.txt">
      <Filter>TestInputs</Filter>
    </Text>
    <Text Include="Test\2024_6_2.txt">
      <Filter>TestInputs</Filter>
    </Text>
    <Text Include="Test\2024_7_1.txt">
      <Filter>TestInputs</Filter>
    </Text>
    <Text Include="Test\2024_7_2.txt">
      <Filter>TestInputs</Filter>
    </Text>
    <Text Include="Test\2024_8_1.txt">
      <Filter>TestInputs</Filter>
    </Text>
    <Text Include="Test\2024_8_2.txt">
      <Filter>TestInputs</Filter>
    </Text>
    <Text Include="Test\2024_9_1.txt">
      <Filter>TestInputs</Filter>
    </Text>
    <Text Include="Test\2024_9_2.txt">
      <Filter>TestInputs</Filter>
    </Text>
    <Text Include="Test\2024_10_1.txt">
      <Filter>TestInputs</Filter>
    </Text>
    <Text Include="Test\2024_10_2.txt">
      <Filter>TestInputs</Filter>
    </Text>
    <Text Include="Test\2024_11_1.txt">
      <Filter>TestInputs</Filter>
    </Text>
    <Text Include="Test\2024_11_2.txt">
      <Filter>TestInputs</Filter>
    </Text>
    <Text Include="2024_12_1.txt">
      <Filter>TestInputs</Filter>
    </Text>
    <Text Include="2024_12_2.txt">
      <Filter>TestInputs</Filter>
    </Text>
  </ItemGroup>
</Project>